[[package]]
name = "atomicwrites"
version = "1.4.0"
description = "Atomic file writes."
category = "dev"
optional = false
python-versions = ">=2.7, !=3.0.*, !=3.1.*, !=3.2.*, !=3.3.*"

[[package]]
name = "attrs"
version = "19.3.0"
description = "Classes Without Boilerplate"
category = "dev"
optional = false
python-versions = ">=2.7, !=3.0.*, !=3.1.*, !=3.2.*, !=3.3.*"

[package.extras]
azure-pipelines = ["coverage", "hypothesis", "pympler", "pytest (>=4.3.0)", "six", "zope.interface", "pytest-azurepipelines"]
dev = ["coverage", "hypothesis", "pympler", "pytest (>=4.3.0)", "six", "zope.interface", "sphinx", "pre-commit"]
docs = ["sphinx", "zope.interface"]
tests = ["coverage", "hypothesis", "pympler", "pytest (>=4.3.0)", "six", "zope.interface"]

[[package]]
name = "certifi"
version = "2020.4.5.1"
description = "Python package for providing Mozilla's CA Bundle."
category = "main"
optional = false
python-versions = "*"

[[package]]
name = "click"
version = "7.1.2"
description = "Composable command line interface toolkit"
category = "main"
optional = false
python-versions = ">=2.7, !=3.0.*, !=3.1.*, !=3.2.*, !=3.3.*, !=3.4.*"

[[package]]
name = "colorama"
version = "0.4.3"
description = "Cross-platform colored terminal text."
category = "dev"
optional = false
python-versions = ">=2.7, !=3.0.*, !=3.1.*, !=3.2.*, !=3.3.*, !=3.4.*"

[[package]]
name = "coverage"
version = "5.4"
description = "Code coverage measurement for Python"
category = "dev"
optional = false
python-versions = ">=2.7, !=3.0.*, !=3.1.*, !=3.2.*, !=3.3.*, !=3.4.*, <4"

[package.extras]
toml = ["toml"]

[[package]]
name = "flake8"
version = "3.8.4"
description = "the modular source code checker: pep8 pyflakes and co"
category = "dev"
optional = false
python-versions = "!=3.0.*,!=3.1.*,!=3.2.*,!=3.3.*,>=2.7"

[package.dependencies]
importlib-metadata = {version = "*", markers = "python_version < \"3.8\""}
mccabe = ">=0.6.0,<0.7.0"
pycodestyle = ">=2.6.0a1,<2.7.0"
pyflakes = ">=2.2.0,<2.3.0"

[[package]]
name = "flake8-blind-except"
version = "0.2.0"
description = "A flake8 extension that checks for blind except: statements"
category = "dev"
optional = false
python-versions = "*"

[[package]]
name = "flake8-builtins"
version = "1.5.3"
description = "Check for python builtins being used as variables or parameters."
category = "dev"
optional = false
python-versions = "*"

[package.dependencies]
flake8 = "*"

[package.extras]
test = ["coverage", "coveralls", "mock", "pytest", "pytest-cov"]

[[package]]
name = "flake8-isort"
version = "4.0.0"
description = "flake8 plugin that integrates isort ."
category = "dev"
optional = false
python-versions = "*"

[package.dependencies]
flake8 = ">=3.2.1,<4"
isort = ">=4.3.5,<6"
testfixtures = ">=6.8.0,<7"

[package.extras]
test = ["pytest (>=4.0.2,<6)", "toml"]

[[package]]
name = "flask"
version = "1.1.2"
description = "A simple framework for building complex web applications."
category = "main"
optional = false
python-versions = ">=2.7, !=3.0.*, !=3.1.*, !=3.2.*, !=3.3.*, !=3.4.*"

[package.dependencies]
click = ">=5.1"
itsdangerous = ">=0.24"
Jinja2 = ">=2.10.1"
Werkzeug = ">=0.15"

[package.extras]
dev = ["pytest", "coverage", "tox", "sphinx", "pallets-sphinx-themes", "sphinxcontrib-log-cabinet", "sphinx-issues"]
docs = ["sphinx", "pallets-sphinx-themes", "sphinxcontrib-log-cabinet", "sphinx-issues"]
dotenv = ["python-dotenv"]

[[package]]
name = "flask-caching"
version = "1.9.0"
description = "Adds caching support to your Flask application"
category = "main"
optional = false
python-versions = "*"

[package.dependencies]
Flask = "*"

[[package]]
name = "flask-cors"
version = "3.0.10"
description = "A Flask extension adding a decorator for CORS support"
category = "main"
optional = false
python-versions = "*"

[package.dependencies]
Flask = ">=0.9"
Six = "*"

[[package]]
name = "flask-seasurf"
version = "0.3.0"
description = "An updated CSRF extension for Flask."
category = "main"
optional = false
python-versions = "*"

[package.dependencies]
Flask = "*"

[[package]]
name = "flask-talisman"
version = "0.7.0"
description = "HTTP security headers for Flask."
category = "main"
optional = false
python-versions = "*"

[package.dependencies]
six = ">=1.9.0"

[[package]]
name = "greenlet"
version = "0.4.15"
description = "Lightweight in-process concurrent programming"
category = "main"
optional = false
python-versions = "*"

[[package]]
name = "gunicorn"
version = "20.0.4"
description = "WSGI HTTP Server for UNIX"
category = "main"
optional = false
python-versions = ">=3.4"

[package.extras]
eventlet = ["eventlet (>=0.9.7)"]
gevent = ["gevent (>=0.13)"]
setproctitle = ["setproctitle"]
tornado = ["tornado (>=0.2)"]

[[package]]
name = "importlib-metadata"
version = "1.6.0"
description = "Read metadata from Python packages"
category = "dev"
optional = false
python-versions = "!=3.0.*,!=3.1.*,!=3.2.*,!=3.3.*,!=3.4.*,>=2.7"

[package.dependencies]
zipp = ">=0.5"

[package.extras]
docs = ["sphinx", "rst.linker"]
testing = ["packaging", "importlib-resources"]

[[package]]
name = "iniconfig"
version = "1.0.1"
description = "iniconfig: brain-dead simple config-ini parsing"
category = "dev"
optional = false
python-versions = "*"

[[package]]
name = "isort"
version = "4.3.21"
description = "A Python utility / library to sort Python imports."
category = "dev"
optional = false
python-versions = ">=2.7, !=3.0.*, !=3.1.*, !=3.2.*, !=3.3.*"

[package.extras]
pipfile = ["pipreqs", "requirementslib"]
pyproject = ["toml"]
requirements = ["pipreqs", "pip-api"]
xdg_home = ["appdirs (>=1.4.0)"]

[[package]]
name = "itsdangerous"
version = "1.1.0"
description = "Various helpers to pass data to untrusted environments and back."
category = "main"
optional = false
python-versions = ">=2.7, !=3.0.*, !=3.1.*, !=3.2.*, !=3.3.*"

[[package]]
name = "jinja2"
version = "2.11.2"
description = "A very fast and expressive template engine."
category = "main"
optional = false
python-versions = ">=2.7, !=3.0.*, !=3.1.*, !=3.2.*, !=3.3.*, !=3.4.*"

[package.dependencies]
MarkupSafe = ">=0.23"

[package.extras]
i18n = ["Babel (>=0.8)"]

[[package]]
name = "markupsafe"
version = "1.1.1"
description = "Safely add untrusted strings to HTML/XML markup."
category = "main"
optional = false
python-versions = ">=2.7,!=3.0.*,!=3.1.*,!=3.2.*,!=3.3.*"

[[package]]
name = "mccabe"
version = "0.6.1"
description = "McCabe checker, plugin for flake8"
category = "dev"
optional = false
python-versions = "*"

[[package]]
name = "meinheld"
version = "1.0.2"
description = "High performance asynchronous Python WSGI Web Server"
category = "main"
optional = false
python-versions = "*"

[package.dependencies]
greenlet = ">=0.4.5,<0.5"

[[package]]
name = "packaging"
version = "20.4"
description = "Core utilities for Python packages"
category = "dev"
optional = false
python-versions = ">=2.7, !=3.0.*, !=3.1.*, !=3.2.*, !=3.3.*"

[package.dependencies]
pyparsing = ">=2.0.2"
six = "*"

[[package]]
name = "pathlib2"
version = "2.3.5"
description = "Object-oriented filesystem paths"
category = "dev"
optional = false
python-versions = "*"

[package.dependencies]
six = "*"

[[package]]
name = "pluggy"
version = "0.13.1"
description = "plugin and hook calling mechanisms for python"
category = "dev"
optional = false
python-versions = ">=2.7, !=3.0.*, !=3.1.*, !=3.2.*, !=3.3.*"

[package.dependencies]
importlib-metadata = {version = ">=0.12", markers = "python_version < \"3.8\""}

[package.extras]
dev = ["pre-commit", "tox"]

[[package]]
name = "py"
version = "1.9.0"
description = "library with cross-python path, ini-parsing, io, code, log facilities"
category = "dev"
optional = false
python-versions = ">=2.7, !=3.0.*, !=3.1.*, !=3.2.*, !=3.3.*"

[[package]]
name = "pycodestyle"
version = "2.6.0"
description = "Python style guide checker"
category = "dev"
optional = false
python-versions = ">=2.7, !=3.0.*, !=3.1.*, !=3.2.*, !=3.3.*"

[[package]]
name = "pyflakes"
version = "2.2.0"
description = "passive checker of Python programs"
category = "dev"
optional = false
python-versions = ">=2.7, !=3.0.*, !=3.1.*, !=3.2.*, !=3.3.*"

[[package]]
name = "pyparsing"
version = "2.4.7"
description = "Python parsing module"
category = "dev"
optional = false
python-versions = ">=2.6, !=3.0.*, !=3.1.*, !=3.2.*"

[[package]]
name = "pytest"
version = "6.1.2"
description = "pytest: simple powerful testing with Python"
category = "dev"
optional = false
python-versions = ">=3.5"

[package.dependencies]
atomicwrites = {version = ">=1.0", markers = "sys_platform == \"win32\""}
attrs = ">=17.4.0"
colorama = {version = "*", markers = "sys_platform == \"win32\""}
importlib-metadata = {version = ">=0.12", markers = "python_version < \"3.8\""}
iniconfig = "*"
packaging = "*"
pathlib2 = {version = ">=2.2.0", markers = "python_version < \"3.6\""}
pluggy = ">=0.12,<1.0"
py = ">=1.8.2"
toml = "*"

[package.extras]
checkqa_mypy = ["mypy (==0.780)"]
testing = ["argcomplete", "hypothesis (>=3.56)", "mock", "nose", "requests", "xmlschema"]

[[package]]
name = "python-dateutil"
version = "2.8.1"
description = "Extensions to the standard Python datetime module"
category = "main"
optional = false
python-versions = "!=3.0.*,!=3.1.*,!=3.2.*,>=2.7"

[package.dependencies]
six = ">=1.5"

[[package]]
name = "redis"
version = "3.5.3"
description = "Python client for Redis key-value store"
category = "main"
optional = false
python-versions = ">=2.7, !=3.0.*, !=3.1.*, !=3.2.*, !=3.3.*, !=3.4.*"

[package.extras]
hiredis = ["hiredis (>=0.1.3)"]

[[package]]
name = "sentry-sdk"
version = "0.20.2"
description = "Python client for Sentry (https://sentry.io)"
category = "main"
optional = false
python-versions = "*"

[package.dependencies]
certifi = "*"
urllib3 = ">=1.10.0"

[package.extras]
aiohttp = ["aiohttp (>=3.5)"]
beam = ["apache-beam (>=2.12)"]
bottle = ["bottle (>=0.12.13)"]
celery = ["celery (>=3)"]
chalice = ["chalice (>=1.16.0)"]
django = ["django (>=1.8)"]
falcon = ["falcon (>=1.4)"]
flask = ["flask (>=0.11)", "blinker (>=1.1)"]
pure_eval = ["pure-eval", "executing", "asttokens"]
pyspark = ["pyspark (>=2.4.4)"]
rq = ["rq (>=0.6)"]
sanic = ["sanic (>=0.8)"]
sqlalchemy = ["sqlalchemy (>=1.2)"]
tornado = ["tornado (>=5)"]

[[package]]
name = "simpleflake"
version = "0.1.5"
description = "Twitter snowflake compatible super-simple distributed ID generator."
category = "main"
optional = false
python-versions = "*"

[[package]]
name = "six"
version = "1.15.0"
description = "Python 2 and 3 compatibility utilities"
category = "main"
optional = false
python-versions = ">=2.7, !=3.0.*, !=3.1.*, !=3.2.*"

[[package]]
name = "testfixtures"
version = "6.14.1"
description = "A collection of helpers and mock objects for unit tests and doc tests."
category = "dev"
optional = false
python-versions = "*"

[package.extras]
build = ["setuptools-git", "wheel", "twine"]
docs = ["sphinx", "zope.component", "sybil", "twisted", "mock", "django (<2)", "django"]
test = ["pytest (>=3.6)", "pytest-cov", "pytest-django", "zope.component", "sybil", "twisted", "mock", "django (<2)", "django"]

[[package]]
name = "toml"
version = "0.10.1"
description = "Python Library for Tom's Obvious, Minimal Language"
category = "dev"
optional = false
python-versions = "*"

[[package]]
name = "urllib3"
version = "1.25.9"
description = "HTTP library with thread-safe connection pooling, file post, and more."
category = "main"
optional = false
python-versions = ">=2.7, !=3.0.*, !=3.1.*, !=3.2.*, !=3.3.*, !=3.4.*, <4"

[package.extras]
brotli = ["brotlipy (>=0.6.0)"]
secure = ["certifi", "cryptography (>=1.3.4)", "idna (>=2.0.0)", "pyOpenSSL (>=0.14)", "ipaddress"]
socks = ["PySocks (>=1.5.6,!=1.5.7,<2.0)"]

[[package]]
name = "werkzeug"
version = "1.0.1"
description = "The comprehensive WSGI web application library."
category = "main"
optional = false
python-versions = ">=2.7, !=3.0.*, !=3.1.*, !=3.2.*, !=3.3.*, !=3.4.*"

[package.extras]
dev = ["pytest", "pytest-timeout", "coverage", "tox", "sphinx", "pallets-sphinx-themes", "sphinx-issues"]
watchdog = ["watchdog"]

[[package]]
name = "zipp"
version = "1.2.0"
description = "Backport of pathlib-compatible object wrapper for zip files"
category = "dev"
optional = false
python-versions = ">=2.7"

[package.extras]
docs = ["sphinx", "jaraco.packaging (>=3.2)", "rst.linker (>=1.9)"]
testing = ["pathlib2", "unittest2", "jaraco.itertools", "func-timeout"]

[metadata]
lock-version = "1.1"
python-versions = "^3.5"
content-hash = "147d532cbd6ee513aa64812fab3649c230a3f3d11f862630d7ad3e06ddcced4e"

[metadata.files]
atomicwrites = [
    {file = "atomicwrites-1.4.0-py2.py3-none-any.whl", hash = "sha256:6d1784dea7c0c8d4a5172b6c620f40b6e4cbfdf96d783691f2e1302a7b88e197"},
    {file = "atomicwrites-1.4.0.tar.gz", hash = "sha256:ae70396ad1a434f9c7046fd2dd196fc04b12f9e91ffb859164193be8b6168a7a"},
]
attrs = [
    {file = "attrs-19.3.0-py2.py3-none-any.whl", hash = "sha256:08a96c641c3a74e44eb59afb61a24f2cb9f4d7188748e76ba4bb5edfa3cb7d1c"},
    {file = "attrs-19.3.0.tar.gz", hash = "sha256:f7b7ce16570fe9965acd6d30101a28f62fb4a7f9e926b3bbc9b61f8b04247e72"},
]
certifi = [
    {file = "certifi-2020.4.5.1-py2.py3-none-any.whl", hash = "sha256:1d987a998c75633c40847cc966fcf5904906c920a7f17ef374f5aa4282abd304"},
    {file = "certifi-2020.4.5.1.tar.gz", hash = "sha256:51fcb31174be6e6664c5f69e3e1691a2d72a1a12e90f872cbdb1567eb47b6519"},
]
click = [
    {file = "click-7.1.2-py2.py3-none-any.whl", hash = "sha256:dacca89f4bfadd5de3d7489b7c8a566eee0d3676333fbb50030263894c38c0dc"},
    {file = "click-7.1.2.tar.gz", hash = "sha256:d2b5255c7c6349bc1bd1e59e08cd12acbbd63ce649f2588755783aa94dfb6b1a"},
]
colorama = [
    {file = "colorama-0.4.3-py2.py3-none-any.whl", hash = "sha256:7d73d2a99753107a36ac6b455ee49046802e59d9d076ef8e47b61499fa29afff"},
    {file = "colorama-0.4.3.tar.gz", hash = "sha256:e96da0d330793e2cb9485e9ddfd918d456036c7149416295932478192f4436a1"},
]
coverage = [
    {file = "coverage-5.4-cp27-cp27m-macosx_10_9_x86_64.whl", hash = "sha256:6d9c88b787638a451f41f97446a1c9fd416e669b4d9717ae4615bd29de1ac135"},
    {file = "coverage-5.4-cp27-cp27m-manylinux1_i686.whl", hash = "sha256:66a5aae8233d766a877c5ef293ec5ab9520929c2578fd2069308a98b7374ea8c"},
    {file = "coverage-5.4-cp27-cp27m-manylinux1_x86_64.whl", hash = "sha256:9754a5c265f991317de2bac0c70a746efc2b695cf4d49f5d2cddeac36544fb44"},
    {file = "coverage-5.4-cp27-cp27m-manylinux2010_i686.whl", hash = "sha256:fbb17c0d0822684b7d6c09915677a32319f16ff1115df5ec05bdcaaee40b35f3"},
    {file = "coverage-5.4-cp27-cp27m-manylinux2010_x86_64.whl", hash = "sha256:b7f7421841f8db443855d2854e25914a79a1ff48ae92f70d0a5c2f8907ab98c9"},
    {file = "coverage-5.4-cp27-cp27m-win32.whl", hash = "sha256:4a780807e80479f281d47ee4af2eb2df3e4ccf4723484f77da0bb49d027e40a1"},
    {file = "coverage-5.4-cp27-cp27m-win_amd64.whl", hash = "sha256:87c4b38288f71acd2106f5d94f575bc2136ea2887fdb5dfe18003c881fa6b370"},
    {file = "coverage-5.4-cp27-cp27mu-manylinux1_i686.whl", hash = "sha256:c6809ebcbf6c1049002b9ac09c127ae43929042ec1f1dbd8bb1615f7cd9f70a0"},
    {file = "coverage-5.4-cp27-cp27mu-manylinux1_x86_64.whl", hash = "sha256:ba7ca81b6d60a9f7a0b4b4e175dcc38e8fef4992673d9d6e6879fd6de00dd9b8"},
    {file = "coverage-5.4-cp27-cp27mu-manylinux2010_i686.whl", hash = "sha256:89fc12c6371bf963809abc46cced4a01ca4f99cba17be5e7d416ed7ef1245d19"},
    {file = "coverage-5.4-cp27-cp27mu-manylinux2010_x86_64.whl", hash = "sha256:4a8eb7785bd23565b542b01fb39115a975fefb4a82f23d407503eee2c0106247"},
    {file = "coverage-5.4-cp35-cp35m-macosx_10_9_x86_64.whl", hash = "sha256:7e40d3f8eb472c1509b12ac2a7e24158ec352fc8567b77ab02c0db053927e339"},
    {file = "coverage-5.4-cp35-cp35m-manylinux1_i686.whl", hash = "sha256:1ccae21a076d3d5f471700f6d30eb486da1626c380b23c70ae32ab823e453337"},
    {file = "coverage-5.4-cp35-cp35m-manylinux1_x86_64.whl", hash = "sha256:755c56beeacac6a24c8e1074f89f34f4373abce8b662470d3aa719ae304931f3"},
    {file = "coverage-5.4-cp35-cp35m-manylinux2010_i686.whl", hash = "sha256:322549b880b2d746a7672bf6ff9ed3f895e9c9f108b714e7360292aa5c5d7cf4"},
    {file = "coverage-5.4-cp35-cp35m-manylinux2010_x86_64.whl", hash = "sha256:60a3307a84ec60578accd35d7f0c71a3a971430ed7eca6567399d2b50ef37b8c"},
    {file = "coverage-5.4-cp35-cp35m-win32.whl", hash = "sha256:1375bb8b88cb050a2d4e0da901001347a44302aeadb8ceb4b6e5aa373b8ea68f"},
    {file = "coverage-5.4-cp35-cp35m-win_amd64.whl", hash = "sha256:16baa799ec09cc0dcb43a10680573269d407c159325972dd7114ee7649e56c66"},
    {file = "coverage-5.4-cp36-cp36m-macosx_10_9_x86_64.whl", hash = "sha256:2f2cf7a42d4b7654c9a67b9d091ec24374f7c58794858bff632a2039cb15984d"},
    {file = "coverage-5.4-cp36-cp36m-manylinux1_i686.whl", hash = "sha256:b62046592b44263fa7570f1117d372ae3f310222af1fc1407416f037fb3af21b"},
    {file = "coverage-5.4-cp36-cp36m-manylinux1_x86_64.whl", hash = "sha256:812eaf4939ef2284d29653bcfee9665f11f013724f07258928f849a2306ea9f9"},
    {file = "coverage-5.4-cp36-cp36m-manylinux2010_i686.whl", hash = "sha256:859f0add98707b182b4867359e12bde806b82483fb12a9ae868a77880fc3b7af"},
    {file = "coverage-5.4-cp36-cp36m-manylinux2010_x86_64.whl", hash = "sha256:04b14e45d6a8e159c9767ae57ecb34563ad93440fc1b26516a89ceb5b33c1ad5"},
    {file = "coverage-5.4-cp36-cp36m-win32.whl", hash = "sha256:ebfa374067af240d079ef97b8064478f3bf71038b78b017eb6ec93ede1b6bcec"},
    {file = "coverage-5.4-cp36-cp36m-win_amd64.whl", hash = "sha256:84df004223fd0550d0ea7a37882e5c889f3c6d45535c639ce9802293b39cd5c9"},
    {file = "coverage-5.4-cp37-cp37m-macosx_10_9_x86_64.whl", hash = "sha256:1b811662ecf72eb2d08872731636aee6559cae21862c36f74703be727b45df90"},
    {file = "coverage-5.4-cp37-cp37m-manylinux1_i686.whl", hash = "sha256:6b588b5cf51dc0fd1c9e19f622457cc74b7d26fe295432e434525f1c0fae02bc"},
    {file = "coverage-5.4-cp37-cp37m-manylinux1_x86_64.whl", hash = "sha256:3fe50f1cac369b02d34ad904dfe0771acc483f82a1b54c5e93632916ba847b37"},
    {file = "coverage-5.4-cp37-cp37m-manylinux2010_i686.whl", hash = "sha256:32ab83016c24c5cf3db2943286b85b0a172dae08c58d0f53875235219b676409"},
    {file = "coverage-5.4-cp37-cp37m-manylinux2010_x86_64.whl", hash = "sha256:68fb816a5dd901c6aff352ce49e2a0ffadacdf9b6fae282a69e7a16a02dad5fb"},
    {file = "coverage-5.4-cp37-cp37m-win32.whl", hash = "sha256:a636160680c6e526b84f85d304e2f0bb4e94f8284dd765a1911de9a40450b10a"},
    {file = "coverage-5.4-cp37-cp37m-win_amd64.whl", hash = "sha256:bb32ca14b4d04e172c541c69eec5f385f9a075b38fb22d765d8b0ce3af3a0c22"},
    {file = "coverage-5.4-cp38-cp38-macosx_10_9_x86_64.whl", hash = "sha256:6c4d7165a4e8f41eca6b990c12ee7f44fef3932fac48ca32cecb3a1b2223c21f"},
    {file = "coverage-5.4-cp38-cp38-manylinux1_i686.whl", hash = "sha256:a565f48c4aae72d1d3d3f8e8fb7218f5609c964e9c6f68604608e5958b9c60c3"},
    {file = "coverage-5.4-cp38-cp38-manylinux1_x86_64.whl", hash = "sha256:fff1f3a586246110f34dc762098b5afd2de88de507559e63553d7da643053786"},
    {file = "coverage-5.4-cp38-cp38-manylinux2010_i686.whl", hash = "sha256:a839e25f07e428a87d17d857d9935dd743130e77ff46524abb992b962eb2076c"},
    {file = "coverage-5.4-cp38-cp38-manylinux2010_x86_64.whl", hash = "sha256:6625e52b6f346a283c3d563d1fd8bae8956daafc64bb5bbd2b8f8a07608e3994"},
    {file = "coverage-5.4-cp38-cp38-win32.whl", hash = "sha256:5bee3970617b3d74759b2d2df2f6a327d372f9732f9ccbf03fa591b5f7581e39"},
    {file = "coverage-5.4-cp38-cp38-win_amd64.whl", hash = "sha256:03ed2a641e412e42cc35c244508cf186015c217f0e4d496bf6d7078ebe837ae7"},
    {file = "coverage-5.4-cp39-cp39-macosx_10_9_x86_64.whl", hash = "sha256:14a9f1887591684fb59fdba8feef7123a0da2424b0652e1b58dd5b9a7bb1188c"},
    {file = "coverage-5.4-cp39-cp39-manylinux1_i686.whl", hash = "sha256:9564ac7eb1652c3701ac691ca72934dd3009997c81266807aef924012df2f4b3"},
    {file = "coverage-5.4-cp39-cp39-manylinux1_x86_64.whl", hash = "sha256:0f48fc7dc82ee14aeaedb986e175a429d24129b7eada1b7e94a864e4f0644dde"},
    {file = "coverage-5.4-cp39-cp39-manylinux2010_i686.whl", hash = "sha256:107d327071061fd4f4a2587d14c389a27e4e5c93c7cba5f1f59987181903902f"},
    {file = "coverage-5.4-cp39-cp39-manylinux2010_x86_64.whl", hash = "sha256:0cdde51bfcf6b6bd862ee9be324521ec619b20590787d1655d005c3fb175005f"},
    {file = "coverage-5.4-cp39-cp39-win32.whl", hash = "sha256:c67734cff78383a1f23ceba3b3239c7deefc62ac2b05fa6a47bcd565771e5880"},
    {file = "coverage-5.4-cp39-cp39-win_amd64.whl", hash = "sha256:c669b440ce46ae3abe9b2d44a913b5fd86bb19eb14a8701e88e3918902ecd345"},
    {file = "coverage-5.4-pp36-none-any.whl", hash = "sha256:c0ff1c1b4d13e2240821ef23c1efb1f009207cb3f56e16986f713c2b0e7cd37f"},
    {file = "coverage-5.4-pp37-none-any.whl", hash = "sha256:cd601187476c6bed26a0398353212684c427e10a903aeafa6da40c63309d438b"},
    {file = "coverage-5.4.tar.gz", hash = "sha256:6d2e262e5e8da6fa56e774fb8e2643417351427604c2b177f8e8c5f75fc928ca"},
]
flake8 = [
    {file = "flake8-3.8.4-py2.py3-none-any.whl", hash = "sha256:749dbbd6bfd0cf1318af27bf97a14e28e5ff548ef8e5b1566ccfb25a11e7c839"},
    {file = "flake8-3.8.4.tar.gz", hash = "sha256:aadae8761ec651813c24be05c6f7b4680857ef6afaae4651a4eccaef97ce6c3b"},
]
flake8-blind-except = [
    {file = "flake8-blind-except-0.2.0.tar.gz", hash = "sha256:02a860a1a19cb602c006a3fe0778035b0d14d3f57929b4b798bc7d6684f204e5"},
]
flake8-builtins = [
    {file = "flake8-builtins-1.5.3.tar.gz", hash = "sha256:09998853b2405e98e61d2ff3027c47033adbdc17f9fe44ca58443d876eb00f3b"},
    {file = "flake8_builtins-1.5.3-py2.py3-none-any.whl", hash = "sha256:7706babee43879320376861897e5d1468e396a40b8918ed7bccf70e5f90b8687"},
]
flake8-isort = [
    {file = "flake8-isort-4.0.0.tar.gz", hash = "sha256:2b91300f4f1926b396c2c90185844eb1a3d5ec39ea6138832d119da0a208f4d9"},
    {file = "flake8_isort-4.0.0-py2.py3-none-any.whl", hash = "sha256:729cd6ef9ba3659512dee337687c05d79c78e1215fdf921ed67e5fe46cce2f3c"},
]
flask = [
    {file = "Flask-1.1.2-py2.py3-none-any.whl", hash = "sha256:8a4fdd8936eba2512e9c85df320a37e694c93945b33ef33c89946a340a238557"},
    {file = "Flask-1.1.2.tar.gz", hash = "sha256:4efa1ae2d7c9865af48986de8aeb8504bf32c7f3d6fdc9353d34b21f4b127060"},
]
flask-caching = [
    {file = "Flask-Caching-1.9.0.tar.gz", hash = "sha256:a0356ad868b1d8ec2d0e675a6fe891c41303128f8904d5d79e180d8b3f952aff"},
    {file = "Flask_Caching-1.9.0-py2.py3-none-any.whl", hash = "sha256:e6ef2e2af84e13c4fd32c1839c1943a42f11b6b0fbcfdd6bf46547ea5482dbfe"},
]
flask-cors = [
    {file = "Flask-Cors-3.0.10.tar.gz", hash = "sha256:b60839393f3b84a0f3746f6cdca56c1ad7426aa738b70d6c61375857823181de"},
    {file = "Flask_Cors-3.0.10-py2.py3-none-any.whl", hash = "sha256:74efc975af1194fc7891ff5cd85b0f7478be4f7f59fe158102e91abb72bb4438"},
]
flask-seasurf = [
    {file = "Flask-SeaSurf-0.3.0.tar.gz", hash = "sha256:10d4946fdd9745a8ae0a38a46c48a9add0cca4896333c0893b3133e3852c2e80"},
    {file = "Flask_SeaSurf-0.3.0-py3-none-any.whl", hash = "sha256:505c1101e5489ef3505bb6d6bc722808ed4e6882606e07006d9914c06fb5878c"},
]
flask-talisman = [
    {file = "flask-talisman-0.7.0.tar.gz", hash = "sha256:468131464a249274ed226efc21b372518f442487e58918ccab8357eaa638fd1f"},
    {file = "flask_talisman-0.7.0-py2.py3-none-any.whl", hash = "sha256:eaa754f4b771dfbe473843391d69643b79e3a38c865790011ac5e4179c68e3ec"},
]
greenlet = [
    {file = "greenlet-0.4.15-cp27-cp27m-manylinux1_x86_64.whl", hash = "sha256:99a26afdb82ea83a265137a398f570402aa1f2b5dfb4ac3300c026931817b163"},
    {file = "greenlet-0.4.15-cp27-cp27m-win32.whl", hash = "sha256:beeabe25c3b704f7d56b573f7d2ff88fc99f0138e43480cecdfcaa3b87fe4f87"},
    {file = "greenlet-0.4.15-cp27-cp27m-win_amd64.whl", hash = "sha256:9854f612e1b59ec66804931df5add3b2d5ef0067748ea29dc60f0efdcda9a638"},
    {file = "greenlet-0.4.15-cp27-cp27mu-manylinux1_x86_64.whl", hash = "sha256:ac57fcdcfb0b73bb3203b58a14501abb7e5ff9ea5e2edfa06bb03035f0cff248"},
    {file = "greenlet-0.4.15-cp33-cp33m-win32.whl", hash = "sha256:d634a7ea1fc3380ff96f9e44d8d22f38418c1c381d5fac680b272d7d90883720"},
    {file = "greenlet-0.4.15-cp33-cp33m-win_amd64.whl", hash = "sha256:0d48200bc50cbf498716712129eef819b1729339e34c3ae71656964dac907c28"},
    {file = "greenlet-0.4.15-cp34-cp34m-manylinux1_x86_64.whl", hash = "sha256:bcb530089ff24f6458a81ac3fa699e8c00194208a724b644ecc68422e1111939"},
    {file = "greenlet-0.4.15-cp34-cp34m-win32.whl", hash = "sha256:8b4572c334593d449113f9dc8d19b93b7b271bdbe90ba7509eb178923327b625"},
    {file = "greenlet-0.4.15-cp34-cp34m-win_amd64.whl", hash = "sha256:a9f145660588187ff835c55a7d2ddf6abfc570c2651c276d3d4be8a2766db490"},
    {file = "greenlet-0.4.15-cp35-cp35m-manylinux1_x86_64.whl", hash = "sha256:51503524dd6f152ab4ad1fbd168fc6c30b5795e8c70be4410a64940b3abb55c0"},
    {file = "greenlet-0.4.15-cp35-cp35m-win32.whl", hash = "sha256:a19bf883b3384957e4a4a13e6bd1ae3d85ae87f4beb5957e35b0be287f12f4e4"},
    {file = "greenlet-0.4.15-cp35-cp35m-win_amd64.whl", hash = "sha256:853da4f9563d982e4121fed8c92eea1a4594a2299037b3034c3c898cb8e933d6"},
    {file = "greenlet-0.4.15-cp36-cp36m-manylinux1_x86_64.whl", hash = "sha256:23d12eacffa9d0f290c0fe0c4e81ba6d5f3a5b7ac3c30a5eaf0126bf4deda5c8"},
    {file = "greenlet-0.4.15-cp36-cp36m-win32.whl", hash = "sha256:000546ad01e6389e98626c1367be58efa613fa82a1be98b0c6fc24b563acc6d0"},
    {file = "greenlet-0.4.15-cp36-cp36m-win_amd64.whl", hash = "sha256:d97b0661e1aead761f0ded3b769044bb00ed5d33e1ec865e891a8b128bf7c656"},
    {file = "greenlet-0.4.15-cp37-cp37m-manylinux1_x86_64.whl", hash = "sha256:8041e2de00e745c0e05a502d6e6db310db7faa7c979b3a5877123548a4c0b214"},
    {file = "greenlet-0.4.15-cp37-cp37m-win32.whl", hash = "sha256:81fcd96a275209ef117e9ec91f75c731fa18dcfd9ffaa1c0adbdaa3616a86043"},
    {file = "greenlet-0.4.15-cp37-cp37m-win_amd64.whl", hash = "sha256:37c9ba82bd82eb6a23c2e5acc03055c0e45697253b2393c9a50cef76a3985304"},
    {file = "greenlet-0.4.15-cp38-cp38-manylinux1_x86_64.whl", hash = "sha256:e538b8dae561080b542b0f5af64d47ef859f22517f7eca617bb314e0e03fd7ef"},
    {file = "greenlet-0.4.15-cp38-cp38-win32.whl", hash = "sha256:51155342eb4d6058a0ffcd98a798fe6ba21195517da97e15fca3db12ab201e6e"},
    {file = "greenlet-0.4.15-cp38-cp38-win_amd64.whl", hash = "sha256:7457d685158522df483196b16ec648b28f8e847861adb01a55d41134e7734122"},
    {file = "greenlet-0.4.15.tar.gz", hash = "sha256:9416443e219356e3c31f1f918a91badf2e37acf297e2fa13d24d1cc2380f8fbc"},
]
gunicorn = [
    {file = "gunicorn-20.0.4-py2.py3-none-any.whl", hash = "sha256:cd4a810dd51bf497552cf3f863b575dabd73d6ad6a91075b65936b151cbf4f9c"},
    {file = "gunicorn-20.0.4.tar.gz", hash = "sha256:1904bb2b8a43658807108d59c3f3d56c2b6121a701161de0ddf9ad140073c626"},
]
importlib-metadata = [
    {file = "importlib_metadata-1.6.0-py2.py3-none-any.whl", hash = "sha256:2a688cbaa90e0cc587f1df48bdc97a6eadccdcd9c35fb3f976a09e3b5016d90f"},
    {file = "importlib_metadata-1.6.0.tar.gz", hash = "sha256:34513a8a0c4962bc66d35b359558fd8a5e10cd472d37aec5f66858addef32c1e"},
]
iniconfig = [
    {file = "iniconfig-1.0.1-py3-none-any.whl", hash = "sha256:80cf40c597eb564e86346103f609d74efce0f6b4d4f30ec8ce9e2c26411ba437"},
    {file = "iniconfig-1.0.1.tar.gz", hash = "sha256:e5f92f89355a67de0595932a6c6c02ab4afddc6fcdc0bfc5becd0d60884d3f69"},
]
isort = [
    {file = "isort-4.3.21-py2.py3-none-any.whl", hash = "sha256:6e811fcb295968434526407adb8796944f1988c5b65e8139058f2014cbe100fd"},
    {file = "isort-4.3.21.tar.gz", hash = "sha256:54da7e92468955c4fceacd0c86bd0ec997b0e1ee80d97f67c35a78b719dccab1"},
]
itsdangerous = [
    {file = "itsdangerous-1.1.0-py2.py3-none-any.whl", hash = "sha256:b12271b2047cb23eeb98c8b5622e2e5c5e9abd9784a153e9d8ef9cb4dd09d749"},
    {file = "itsdangerous-1.1.0.tar.gz", hash = "sha256:321b033d07f2a4136d3ec762eac9f16a10ccd60f53c0c91af90217ace7ba1f19"},
]
jinja2 = [
    {file = "Jinja2-2.11.2-py2.py3-none-any.whl", hash = "sha256:f0a4641d3cf955324a89c04f3d94663aa4d638abe8f733ecd3582848e1c37035"},
    {file = "Jinja2-2.11.2.tar.gz", hash = "sha256:89aab215427ef59c34ad58735269eb58b1a5808103067f7bb9d5836c651b3bb0"},
]
markupsafe = [
    {file = "MarkupSafe-1.1.1-cp27-cp27m-macosx_10_6_intel.whl", hash = "sha256:09027a7803a62ca78792ad89403b1b7a73a01c8cb65909cd876f7fcebd79b161"},
    {file = "MarkupSafe-1.1.1-cp27-cp27m-manylinux1_i686.whl", hash = "sha256:e249096428b3ae81b08327a63a485ad0878de3fb939049038579ac0ef61e17e7"},
    {file = "MarkupSafe-1.1.1-cp27-cp27m-manylinux1_x86_64.whl", hash = "sha256:500d4957e52ddc3351cabf489e79c91c17f6e0899158447047588650b5e69183"},
    {file = "MarkupSafe-1.1.1-cp27-cp27m-win32.whl", hash = "sha256:b2051432115498d3562c084a49bba65d97cf251f5a331c64a12ee7e04dacc51b"},
    {file = "MarkupSafe-1.1.1-cp27-cp27m-win_amd64.whl", hash = "sha256:98c7086708b163d425c67c7a91bad6e466bb99d797aa64f965e9d25c12111a5e"},
    {file = "MarkupSafe-1.1.1-cp27-cp27mu-manylinux1_i686.whl", hash = "sha256:cd5df75523866410809ca100dc9681e301e3c27567cf498077e8551b6d20e42f"},
    {file = "MarkupSafe-1.1.1-cp27-cp27mu-manylinux1_x86_64.whl", hash = "sha256:43a55c2930bbc139570ac2452adf3d70cdbb3cfe5912c71cdce1c2c6bbd9c5d1"},
    {file = "MarkupSafe-1.1.1-cp34-cp34m-macosx_10_6_intel.whl", hash = "sha256:1027c282dad077d0bae18be6794e6b6b8c91d58ed8a8d89a89d59693b9131db5"},
    {file = "MarkupSafe-1.1.1-cp34-cp34m-manylinux1_i686.whl", hash = "sha256:62fe6c95e3ec8a7fad637b7f3d372c15ec1caa01ab47926cfdf7a75b40e0eac1"},
    {file = "MarkupSafe-1.1.1-cp34-cp34m-manylinux1_x86_64.whl", hash = "sha256:88e5fcfb52ee7b911e8bb6d6aa2fd21fbecc674eadd44118a9cc3863f938e735"},
    {file = "MarkupSafe-1.1.1-cp34-cp34m-win32.whl", hash = "sha256:ade5e387d2ad0d7ebf59146cc00c8044acbd863725f887353a10df825fc8ae21"},
    {file = "MarkupSafe-1.1.1-cp34-cp34m-win_amd64.whl", hash = "sha256:09c4b7f37d6c648cb13f9230d847adf22f8171b1ccc4d5682398e77f40309235"},
    {file = "MarkupSafe-1.1.1-cp35-cp35m-macosx_10_6_intel.whl", hash = "sha256:79855e1c5b8da654cf486b830bd42c06e8780cea587384cf6545b7d9ac013a0b"},
    {file = "MarkupSafe-1.1.1-cp35-cp35m-manylinux1_i686.whl", hash = "sha256:c8716a48d94b06bb3b2524c2b77e055fb313aeb4ea620c8dd03a105574ba704f"},
    {file = "MarkupSafe-1.1.1-cp35-cp35m-manylinux1_x86_64.whl", hash = "sha256:7c1699dfe0cf8ff607dbdcc1e9b9af1755371f92a68f706051cc8c37d447c905"},
    {file = "MarkupSafe-1.1.1-cp35-cp35m-win32.whl", hash = "sha256:6dd73240d2af64df90aa7c4e7481e23825ea70af4b4922f8ede5b9e35f78a3b1"},
    {file = "MarkupSafe-1.1.1-cp35-cp35m-win_amd64.whl", hash = "sha256:9add70b36c5666a2ed02b43b335fe19002ee5235efd4b8a89bfcf9005bebac0d"},
    {file = "MarkupSafe-1.1.1-cp36-cp36m-macosx_10_6_intel.whl", hash = "sha256:24982cc2533820871eba85ba648cd53d8623687ff11cbb805be4ff7b4c971aff"},
    {file = "MarkupSafe-1.1.1-cp36-cp36m-macosx_10_9_x86_64.whl", hash = "sha256:d53bc011414228441014aa71dbec320c66468c1030aae3a6e29778a3382d96e5"},
    {file = "MarkupSafe-1.1.1-cp36-cp36m-manylinux1_i686.whl", hash = "sha256:00bc623926325b26bb9605ae9eae8a215691f33cae5df11ca5424f06f2d1f473"},
    {file = "MarkupSafe-1.1.1-cp36-cp36m-manylinux1_x86_64.whl", hash = "sha256:717ba8fe3ae9cc0006d7c451f0bb265ee07739daf76355d06366154ee68d221e"},
    {file = "MarkupSafe-1.1.1-cp36-cp36m-manylinux2010_i686.whl", hash = "sha256:3b8a6499709d29c2e2399569d96719a1b21dcd94410a586a18526b143ec8470f"},
    {file = "MarkupSafe-1.1.1-cp36-cp36m-manylinux2010_x86_64.whl", hash = "sha256:84dee80c15f1b560d55bcfe6d47b27d070b4681c699c572af2e3c7cc90a3b8e0"},
    {file = "MarkupSafe-1.1.1-cp36-cp36m-manylinux2014_aarch64.whl", hash = "sha256:b1dba4527182c95a0db8b6060cc98ac49b9e2f5e64320e2b56e47cb2831978c7"},
    {file = "MarkupSafe-1.1.1-cp36-cp36m-win32.whl", hash = "sha256:535f6fc4d397c1563d08b88e485c3496cf5784e927af890fb3c3aac7f933ec66"},
    {file = "MarkupSafe-1.1.1-cp36-cp36m-win_amd64.whl", hash = "sha256:b1282f8c00509d99fef04d8ba936b156d419be841854fe901d8ae224c59f0be5"},
    {file = "MarkupSafe-1.1.1-cp37-cp37m-macosx_10_6_intel.whl", hash = "sha256:8defac2f2ccd6805ebf65f5eeb132adcf2ab57aa11fdf4c0dd5169a004710e7d"},
    {file = "MarkupSafe-1.1.1-cp37-cp37m-macosx_10_9_x86_64.whl", hash = "sha256:bf5aa3cbcfdf57fa2ee9cd1822c862ef23037f5c832ad09cfea57fa846dec193"},
    {file = "MarkupSafe-1.1.1-cp37-cp37m-manylinux1_i686.whl", hash = "sha256:46c99d2de99945ec5cb54f23c8cd5689f6d7177305ebff350a58ce5f8de1669e"},
    {file = "MarkupSafe-1.1.1-cp37-cp37m-manylinux1_x86_64.whl", hash = "sha256:ba59edeaa2fc6114428f1637ffff42da1e311e29382d81b339c1817d37ec93c6"},
    {file = "MarkupSafe-1.1.1-cp37-cp37m-manylinux2010_i686.whl", hash = "sha256:6fffc775d90dcc9aed1b89219549b329a9250d918fd0b8fa8d93d154918422e1"},
    {file = "MarkupSafe-1.1.1-cp37-cp37m-manylinux2010_x86_64.whl", hash = "sha256:a6a744282b7718a2a62d2ed9d993cad6f5f585605ad352c11de459f4108df0a1"},
    {file = "MarkupSafe-1.1.1-cp37-cp37m-manylinux2014_aarch64.whl", hash = "sha256:195d7d2c4fbb0ee8139a6cf67194f3973a6b3042d742ebe0a9ed36d8b6f0c07f"},
    {file = "MarkupSafe-1.1.1-cp37-cp37m-win32.whl", hash = "sha256:b00c1de48212e4cc9603895652c5c410df699856a2853135b3967591e4beebc2"},
    {file = "MarkupSafe-1.1.1-cp37-cp37m-win_amd64.whl", hash = "sha256:9bf40443012702a1d2070043cb6291650a0841ece432556f784f004937f0f32c"},
    {file = "MarkupSafe-1.1.1-cp38-cp38-macosx_10_9_x86_64.whl", hash = "sha256:6788b695d50a51edb699cb55e35487e430fa21f1ed838122d722e0ff0ac5ba15"},
    {file = "MarkupSafe-1.1.1-cp38-cp38-manylinux1_i686.whl", hash = "sha256:cdb132fc825c38e1aeec2c8aa9338310d29d337bebbd7baa06889d09a60a1fa2"},
    {file = "MarkupSafe-1.1.1-cp38-cp38-manylinux1_x86_64.whl", hash = "sha256:13d3144e1e340870b25e7b10b98d779608c02016d5184cfb9927a9f10c689f42"},
    {file = "MarkupSafe-1.1.1-cp38-cp38-manylinux2010_i686.whl", hash = "sha256:acf08ac40292838b3cbbb06cfe9b2cb9ec78fce8baca31ddb87aaac2e2dc3bc2"},
    {file = "MarkupSafe-1.1.1-cp38-cp38-manylinux2010_x86_64.whl", hash = "sha256:d9be0ba6c527163cbed5e0857c451fcd092ce83947944d6c14bc95441203f032"},
    {file = "MarkupSafe-1.1.1-cp38-cp38-manylinux2014_aarch64.whl", hash = "sha256:caabedc8323f1e93231b52fc32bdcde6db817623d33e100708d9a68e1f53b26b"},
    {file = "MarkupSafe-1.1.1-cp38-cp38-win32.whl", hash = "sha256:596510de112c685489095da617b5bcbbac7dd6384aeebeda4df6025d0256a81b"},
    {file = "MarkupSafe-1.1.1-cp38-cp38-win_amd64.whl", hash = "sha256:e8313f01ba26fbbe36c7be1966a7b7424942f670f38e666995b88d012765b9be"},
    {file = "MarkupSafe-1.1.1-cp39-cp39-macosx_10_9_x86_64.whl", hash = "sha256:d73a845f227b0bfe8a7455ee623525ee656a9e2e749e4742706d80a6065d5e2c"},
    {file = "MarkupSafe-1.1.1-cp39-cp39-manylinux1_i686.whl", hash = "sha256:98bae9582248d6cf62321dcb52aaf5d9adf0bad3b40582925ef7c7f0ed85fceb"},
    {file = "MarkupSafe-1.1.1-cp39-cp39-manylinux1_x86_64.whl", hash = "sha256:2beec1e0de6924ea551859edb9e7679da6e4870d32cb766240ce17e0a0ba2014"},
    {file = "MarkupSafe-1.1.1-cp39-cp39-manylinux2010_i686.whl", hash = "sha256:7fed13866cf14bba33e7176717346713881f56d9d2bcebab207f7a036f41b850"},
    {file = "MarkupSafe-1.1.1-cp39-cp39-manylinux2010_x86_64.whl", hash = "sha256:6f1e273a344928347c1290119b493a1f0303c52f5a5eae5f16d74f48c15d4a85"},
    {file = "MarkupSafe-1.1.1-cp39-cp39-manylinux2014_aarch64.whl", hash = "sha256:feb7b34d6325451ef96bc0e36e1a6c0c1c64bc1fbec4b854f4529e51887b1621"},
    {file = "MarkupSafe-1.1.1-cp39-cp39-win32.whl", hash = "sha256:22c178a091fc6630d0d045bdb5992d2dfe14e3259760e713c490da5323866c39"},
    {file = "MarkupSafe-1.1.1-cp39-cp39-win_amd64.whl", hash = "sha256:b7d644ddb4dbd407d31ffb699f1d140bc35478da613b441c582aeb7c43838dd8"},
    {file = "MarkupSafe-1.1.1.tar.gz", hash = "sha256:29872e92839765e546828bb7754a68c418d927cd064fd4708fab9fe9c8bb116b"},
]
mccabe = [
    {file = "mccabe-0.6.1-py2.py3-none-any.whl", hash = "sha256:ab8a6258860da4b6677da4bd2fe5dc2c659cff31b3ee4f7f5d64e79735b80d42"},
    {file = "mccabe-0.6.1.tar.gz", hash = "sha256:dd8d182285a0fe56bace7f45b5e7d1a6ebcbf524e8f3bd87eb0f125271b8831f"},
]
meinheld = [
    {file = "meinheld-1.0.2.tar.gz", hash = "sha256:008c76937ac2117cc69e032dc69cea9f85fc605de9bac1417f447c41c16a56d6"},
]
packaging = [
    {file = "packaging-20.4-py2.py3-none-any.whl", hash = "sha256:998416ba6962ae7fbd6596850b80e17859a5753ba17c32284f67bfff33784181"},
    {file = "packaging-20.4.tar.gz", hash = "sha256:4357f74f47b9c12db93624a82154e9b120fa8293699949152b22065d556079f8"},
]
pathlib2 = [
    {file = "pathlib2-2.3.5-py2.py3-none-any.whl", hash = "sha256:0ec8205a157c80d7acc301c0b18fbd5d44fe655968f5d947b6ecef5290fc35db"},
    {file = "pathlib2-2.3.5.tar.gz", hash = "sha256:6cd9a47b597b37cc57de1c05e56fb1a1c9cc9fab04fe78c29acd090418529868"},
]
pluggy = [
    {file = "pluggy-0.13.1-py2.py3-none-any.whl", hash = "sha256:966c145cd83c96502c3c3868f50408687b38434af77734af1e9ca461a4081d2d"},
    {file = "pluggy-0.13.1.tar.gz", hash = "sha256:15b2acde666561e1298d71b523007ed7364de07029219b604cf808bfa1c765b0"},
]
py = [
    {file = "py-1.9.0-py2.py3-none-any.whl", hash = "sha256:366389d1db726cd2fcfc79732e75410e5fe4d31db13692115529d34069a043c2"},
    {file = "py-1.9.0.tar.gz", hash = "sha256:9ca6883ce56b4e8da7e79ac18787889fa5206c79dcc67fb065376cd2fe03f342"},
]
pycodestyle = [
    {file = "pycodestyle-2.6.0-py2.py3-none-any.whl", hash = "sha256:2295e7b2f6b5bd100585ebcb1f616591b652db8a741695b3d8f5d28bdc934367"},
    {file = "pycodestyle-2.6.0.tar.gz", hash = "sha256:c58a7d2815e0e8d7972bf1803331fb0152f867bd89adf8a01dfd55085434192e"},
]
pyflakes = [
    {file = "pyflakes-2.2.0-py2.py3-none-any.whl", hash = "sha256:0d94e0e05a19e57a99444b6ddcf9a6eb2e5c68d3ca1e98e90707af8152c90a92"},
    {file = "pyflakes-2.2.0.tar.gz", hash = "sha256:35b2d75ee967ea93b55750aa9edbbf72813e06a66ba54438df2cfac9e3c27fc8"},
]
pyparsing = [
    {file = "pyparsing-2.4.7-py2.py3-none-any.whl", hash = "sha256:ef9d7589ef3c200abe66653d3f1ab1033c3c419ae9b9bdb1240a85b024efc88b"},
    {file = "pyparsing-2.4.7.tar.gz", hash = "sha256:c203ec8783bf771a155b207279b9bccb8dea02d8f0c9e5f8ead507bc3246ecc1"},
]
pytest = [
    {file = "pytest-6.1.2-py3-none-any.whl", hash = "sha256:4288fed0d9153d9646bfcdf0c0428197dba1ecb27a33bb6e031d002fa88653fe"},
    {file = "pytest-6.1.2.tar.gz", hash = "sha256:c0a7e94a8cdbc5422a51ccdad8e6f1024795939cc89159a0ae7f0b316ad3823e"},
]
python-dateutil = [
    {file = "python-dateutil-2.8.1.tar.gz", hash = "sha256:73ebfe9dbf22e832286dafa60473e4cd239f8592f699aa5adaf10050e6e1823c"},
    {file = "python_dateutil-2.8.1-py2.py3-none-any.whl", hash = "sha256:75bb3f31ea686f1197762692a9ee6a7550b59fc6ca3a1f4b5d7e32fb98e2da2a"},
]
redis = [
    {file = "redis-3.5.3-py2.py3-none-any.whl", hash = "sha256:432b788c4530cfe16d8d943a09d40ca6c16149727e4afe8c2c9d5580c59d9f24"},
    {file = "redis-3.5.3.tar.gz", hash = "sha256:0e7e0cfca8660dea8b7d5cd8c4f6c5e29e11f31158c0b0ae91a397f00e5a05a2"},
]
sentry-sdk = [
    {file = "sentry-sdk-0.20.2.tar.gz", hash = "sha256:9044b616ec6663cd50794fb3362efd87586e476e7b51ef2439a711d6569aede7"},
    {file = "sentry_sdk-0.20.2-py2.py3-none-any.whl", hash = "sha256:efc65e5ffd38324797a7e1dfc8a4e74b62ea6f56a59df5bb03217b84d58dff6a"},
]
simpleflake = [
    {file = "simpleflake-0.1.5.tar.gz", hash = "sha256:6f0c1a092c44900902fea6d4347317cda8ebdfaa636a2ec71be9395c4880a3b2"},
]
six = [
    {file = "six-1.15.0-py2.py3-none-any.whl", hash = "sha256:8b74bedcbbbaca38ff6d7491d76f2b06b3592611af620f8426e82dddb04a5ced"},
    {file = "six-1.15.0.tar.gz", hash = "sha256:30639c035cdb23534cd4aa2dd52c3bf48f06e5f4a941509c8bafd8ce11080259"},
]
testfixtures = [
    {file = "testfixtures-6.14.1-py2.py3-none-any.whl", hash = "sha256:30566e24a1b34e4d3f8c13abf62557d01eeb4480bcb8f1745467bfb0d415a7d9"},
    {file = "testfixtures-6.14.1.tar.gz", hash = "sha256:58d2b3146d93bc5ddb0cd24e0ccacb13e29bdb61e5c81235c58f7b8ee4470366"},
]
toml = [
    {file = "toml-0.10.1-py2.py3-none-any.whl", hash = "sha256:bda89d5935c2eac546d648028b9901107a595863cb36bae0c73ac804a9b4ce88"},
    {file = "toml-0.10.1.tar.gz", hash = "sha256:926b612be1e5ce0634a2ca03470f95169cf16f939018233a670519cb4ac58b0f"},
]
urllib3 = [
    {file = "urllib3-1.25.9-py2.py3-none-any.whl", hash = "sha256:88206b0eb87e6d677d424843ac5209e3fb9d0190d0ee169599165ec25e9d9115"},
    {file = "urllib3-1.25.9.tar.gz", hash = "sha256:3018294ebefce6572a474f0604c2021e33b3fd8006ecd11d62107a5d2a963527"},
]
werkzeug = [
    {file = "Werkzeug-1.0.1-py2.py3-none-any.whl", hash = "sha256:2de2a5db0baeae7b2d2664949077c2ac63fbd16d98da0ff71837f7d1dea3fd43"},
    {file = "Werkzeug-1.0.1.tar.gz", hash = "sha256:6c80b1e5ad3665290ea39320b91e1be1e0d5f60652b964a3070216de83d2e47c"},
]
zipp = [
    {file = "zipp-1.2.0-py2.py3-none-any.whl", hash = "sha256:e0d9e63797e483a30d27e09fffd308c59a700d365ec34e93cc100844168bf921"},
    {file = "zipp-1.2.0.tar.gz", hash = "sha256:c70410551488251b0fee67b460fb9a536af8d6f9f008ad10ac51f615b6a521b1"},
]
