[[package]]
name = "atomicwrites"
version = "1.4.0"
description = "Atomic file writes."
category = "dev"
optional = false
python-versions = ">=2.7, !=3.0.*, !=3.1.*, !=3.2.*, !=3.3.*"

[[package]]
name = "attrs"
version = "19.3.0"
description = "Classes Without Boilerplate"
category = "dev"
optional = false
python-versions = ">=2.7, !=3.0.*, !=3.1.*, !=3.2.*, !=3.3.*"

[package.extras]
azure-pipelines = ["coverage", "hypothesis", "pympler", "pytest (>=4.3.0)", "six", "zope.interface", "pytest-azurepipelines"]
dev = ["coverage", "hypothesis", "pympler", "pytest (>=4.3.0)", "six", "zope.interface", "sphinx", "pre-commit"]
docs = ["sphinx", "zope.interface"]
tests = ["coverage", "hypothesis", "pympler", "pytest (>=4.3.0)", "six", "zope.interface"]

[[package]]
name = "certifi"
version = "2020.4.5.1"
description = "Python package for providing Mozilla's CA Bundle."
category = "main"
optional = false
python-versions = "*"

[[package]]
name = "click"
version = "7.1.2"
description = "Composable command line interface toolkit"
category = "main"
optional = false
python-versions = ">=2.7, !=3.0.*, !=3.1.*, !=3.2.*, !=3.3.*, !=3.4.*"

[[package]]
name = "colorama"
version = "0.4.3"
description = "Cross-platform colored terminal text."
category = "dev"
optional = false
python-versions = ">=2.7, !=3.0.*, !=3.1.*, !=3.2.*, !=3.3.*, !=3.4.*"

[[package]]
name = "coverage"
version = "5.3.1"
description = "Code coverage measurement for Python"
category = "dev"
optional = false
python-versions = ">=2.7, !=3.0.*, !=3.1.*, !=3.2.*, !=3.3.*, !=3.4.*, <4"

[package.extras]
toml = ["toml"]

[[package]]
name = "flake8"
version = "3.8.4"
description = "the modular source code checker: pep8 pyflakes and co"
category = "dev"
optional = false
python-versions = "!=3.0.*,!=3.1.*,!=3.2.*,!=3.3.*,>=2.7"

[package.dependencies]
importlib-metadata = {version = "*", markers = "python_version < \"3.8\""}
mccabe = ">=0.6.0,<0.7.0"
pycodestyle = ">=2.6.0a1,<2.7.0"
pyflakes = ">=2.2.0,<2.3.0"

[[package]]
name = "flake8-blind-except"
version = "0.1.1"
description = "A flake8 extension that checks for blind except: statements"
category = "dev"
optional = false
python-versions = "*"

[[package]]
name = "flake8-builtins"
version = "1.5.3"
description = "Check for python builtins being used as variables or parameters."
category = "dev"
optional = false
python-versions = "*"

[package.dependencies]
flake8 = "*"

[package.extras]
test = ["coverage", "coveralls", "mock", "pytest", "pytest-cov"]

[[package]]
name = "flake8-isort"
version = "4.0.0"
description = "flake8 plugin that integrates isort ."
category = "dev"
optional = false
python-versions = "*"

[package.dependencies]
flake8 = ">=3.2.1,<4"
isort = ">=4.3.5,<6"
testfixtures = ">=6.8.0,<7"

[package.extras]
test = ["pytest (>=4.0.2,<6)", "toml"]

[[package]]
name = "flask"
version = "1.1.2"
description = "A simple framework for building complex web applications."
category = "main"
optional = false
python-versions = ">=2.7, !=3.0.*, !=3.1.*, !=3.2.*, !=3.3.*, !=3.4.*"

[package.dependencies]
click = ">=5.1"
itsdangerous = ">=0.24"
Jinja2 = ">=2.10.1"
Werkzeug = ">=0.15"

[package.extras]
dev = ["pytest", "coverage", "tox", "sphinx", "pallets-sphinx-themes", "sphinxcontrib-log-cabinet", "sphinx-issues"]
docs = ["sphinx", "pallets-sphinx-themes", "sphinxcontrib-log-cabinet", "sphinx-issues"]
dotenv = ["python-dotenv"]

[[package]]
name = "flask-caching"
version = "1.9.0"
description = "Adds caching support to your Flask application"
category = "main"
optional = false
python-versions = "*"

[package.dependencies]
Flask = "*"

[[package]]
name = "flask-cors"
version = "3.0.10"
description = "A Flask extension adding a decorator for CORS support"
category = "main"
optional = false
python-versions = "*"

[package.dependencies]
Flask = ">=0.9"
Six = "*"

[[package]]
name = "flask-seasurf"
version = "0.2.2"
description = "An updated CSRF extension for Flask."
category = "main"
optional = false
python-versions = "*"

[package.dependencies]
Flask = "*"

[[package]]
name = "flask-talisman"
version = "0.7.0"
description = "HTTP security headers for Flask."
category = "main"
optional = false
python-versions = "*"

[package.dependencies]
six = ">=1.9.0"

[[package]]
name = "greenlet"
version = "0.4.15"
description = "Lightweight in-process concurrent programming"
category = "main"
optional = false
python-versions = "*"

[[package]]
name = "gunicorn"
version = "20.0.4"
description = "WSGI HTTP Server for UNIX"
category = "main"
optional = false
python-versions = ">=3.4"

[package.extras]
eventlet = ["eventlet (>=0.9.7)"]
gevent = ["gevent (>=0.13)"]
setproctitle = ["setproctitle"]
tornado = ["tornado (>=0.2)"]

[[package]]
name = "importlib-metadata"
version = "1.6.0"
description = "Read metadata from Python packages"
category = "dev"
optional = false
python-versions = "!=3.0.*,!=3.1.*,!=3.2.*,!=3.3.*,!=3.4.*,>=2.7"

[package.dependencies]
zipp = ">=0.5"

[package.extras]
docs = ["sphinx", "rst.linker"]
testing = ["packaging", "importlib-resources"]

[[package]]
name = "iniconfig"
version = "1.0.1"
description = "iniconfig: brain-dead simple config-ini parsing"
category = "dev"
optional = false
python-versions = "*"

[[package]]
name = "isort"
version = "4.3.21"
description = "A Python utility / library to sort Python imports."
category = "dev"
optional = false
python-versions = ">=2.7, !=3.0.*, !=3.1.*, !=3.2.*, !=3.3.*"

[package.extras]
pipfile = ["pipreqs", "requirementslib"]
pyproject = ["toml"]
requirements = ["pipreqs", "pip-api"]
xdg_home = ["appdirs (>=1.4.0)"]

[[package]]
name = "itsdangerous"
version = "1.1.0"
description = "Various helpers to pass data to untrusted environments and back."
category = "main"
optional = false
python-versions = ">=2.7, !=3.0.*, !=3.1.*, !=3.2.*, !=3.3.*"

[[package]]
name = "jinja2"
version = "2.11.2"
description = "A very fast and expressive template engine."
category = "main"
optional = false
python-versions = ">=2.7, !=3.0.*, !=3.1.*, !=3.2.*, !=3.3.*, !=3.4.*"

[package.dependencies]
MarkupSafe = ">=0.23"

[package.extras]
i18n = ["Babel (>=0.8)"]

[[package]]
name = "markupsafe"
version = "1.1.1"
description = "Safely add untrusted strings to HTML/XML markup."
category = "main"
optional = false
python-versions = ">=2.7,!=3.0.*,!=3.1.*,!=3.2.*,!=3.3.*"

[[package]]
name = "mccabe"
version = "0.6.1"
description = "McCabe checker, plugin for flake8"
category = "dev"
optional = false
python-versions = "*"

[[package]]
name = "meinheld"
version = "1.0.2"
description = "High performance asynchronous Python WSGI Web Server"
category = "main"
optional = false
python-versions = "*"

[package.dependencies]
greenlet = ">=0.4.5,<0.5"

[[package]]
name = "packaging"
version = "20.4"
description = "Core utilities for Python packages"
category = "dev"
optional = false
python-versions = ">=2.7, !=3.0.*, !=3.1.*, !=3.2.*, !=3.3.*"

[package.dependencies]
pyparsing = ">=2.0.2"
six = "*"

[[package]]
name = "pathlib2"
version = "2.3.5"
description = "Object-oriented filesystem paths"
category = "dev"
optional = false
python-versions = "*"

[package.dependencies]
six = "*"

[[package]]
name = "pluggy"
version = "0.13.1"
description = "plugin and hook calling mechanisms for python"
category = "dev"
optional = false
python-versions = ">=2.7, !=3.0.*, !=3.1.*, !=3.2.*, !=3.3.*"

[package.dependencies]
importlib-metadata = {version = ">=0.12", markers = "python_version < \"3.8\""}

[package.extras]
dev = ["pre-commit", "tox"]

[[package]]
name = "py"
version = "1.9.0"
description = "library with cross-python path, ini-parsing, io, code, log facilities"
category = "dev"
optional = false
python-versions = ">=2.7, !=3.0.*, !=3.1.*, !=3.2.*, !=3.3.*"

[[package]]
name = "pycodestyle"
version = "2.6.0"
description = "Python style guide checker"
category = "dev"
optional = false
python-versions = ">=2.7, !=3.0.*, !=3.1.*, !=3.2.*, !=3.3.*"

[[package]]
name = "pyflakes"
version = "2.2.0"
description = "passive checker of Python programs"
category = "dev"
optional = false
python-versions = ">=2.7, !=3.0.*, !=3.1.*, !=3.2.*, !=3.3.*"

[[package]]
name = "pyparsing"
version = "2.4.7"
description = "Python parsing module"
category = "dev"
optional = false
python-versions = ">=2.6, !=3.0.*, !=3.1.*, !=3.2.*"

[[package]]
name = "pytest"
version = "6.1.2"
description = "pytest: simple powerful testing with Python"
category = "dev"
optional = false
python-versions = ">=3.5"

[package.dependencies]
atomicwrites = {version = ">=1.0", markers = "sys_platform == \"win32\""}
attrs = ">=17.4.0"
colorama = {version = "*", markers = "sys_platform == \"win32\""}
importlib-metadata = {version = ">=0.12", markers = "python_version < \"3.8\""}
iniconfig = "*"
packaging = "*"
pathlib2 = {version = ">=2.2.0", markers = "python_version < \"3.6\""}
pluggy = ">=0.12,<1.0"
py = ">=1.8.2"
toml = "*"

[package.extras]
checkqa_mypy = ["mypy (==0.780)"]
testing = ["argcomplete", "hypothesis (>=3.56)", "mock", "nose", "requests", "xmlschema"]

[[package]]
name = "python-dateutil"
version = "2.8.1"
description = "Extensions to the standard Python datetime module"
category = "main"
optional = false
python-versions = "!=3.0.*,!=3.1.*,!=3.2.*,>=2.7"

[package.dependencies]
six = ">=1.5"

[[package]]
name = "redis"
version = "3.5.3"
description = "Python client for Redis key-value store"
category = "main"
optional = false
python-versions = ">=2.7, !=3.0.*, !=3.1.*, !=3.2.*, !=3.3.*, !=3.4.*"

[package.extras]
hiredis = ["hiredis (>=0.1.3)"]

[[package]]
name = "sentry-sdk"
version = "0.19.5"
description = "Python client for Sentry (https://sentry.io)"
category = "main"
optional = false
python-versions = "*"

[package.dependencies]
certifi = "*"
urllib3 = ">=1.10.0"

[package.extras]
aiohttp = ["aiohttp (>=3.5)"]
beam = ["apache-beam (>=2.12)"]
bottle = ["bottle (>=0.12.13)"]
celery = ["celery (>=3)"]
chalice = ["chalice (>=1.16.0)"]
django = ["django (>=1.8)"]
falcon = ["falcon (>=1.4)"]
flask = ["flask (>=0.11)", "blinker (>=1.1)"]
pure_eval = ["pure-eval", "executing", "asttokens"]
pyspark = ["pyspark (>=2.4.4)"]
rq = ["rq (>=0.6)"]
sanic = ["sanic (>=0.8)"]
sqlalchemy = ["sqlalchemy (>=1.2)"]
tornado = ["tornado (>=5)"]

[[package]]
name = "simpleflake"
version = "0.1.5"
description = "Twitter snowflake compatible super-simple distributed ID generator."
category = "main"
optional = false
python-versions = "*"

[[package]]
name = "six"
version = "1.15.0"
description = "Python 2 and 3 compatibility utilities"
category = "main"
optional = false
python-versions = ">=2.7, !=3.0.*, !=3.1.*, !=3.2.*"

[[package]]
name = "testfixtures"
version = "6.14.1"
description = "A collection of helpers and mock objects for unit tests and doc tests."
category = "dev"
optional = false
python-versions = "*"

[package.extras]
build = ["setuptools-git", "wheel", "twine"]
docs = ["sphinx", "zope.component", "sybil", "twisted", "mock", "django (<2)", "django"]
test = ["pytest (>=3.6)", "pytest-cov", "pytest-django", "zope.component", "sybil", "twisted", "mock", "django (<2)", "django"]

[[package]]
name = "toml"
version = "0.10.1"
description = "Python Library for Tom's Obvious, Minimal Language"
category = "dev"
optional = false
python-versions = "*"

[[package]]
name = "urllib3"
version = "1.25.9"
description = "HTTP library with thread-safe connection pooling, file post, and more."
category = "main"
optional = false
python-versions = ">=2.7, !=3.0.*, !=3.1.*, !=3.2.*, !=3.3.*, !=3.4.*, <4"

[package.extras]
brotli = ["brotlipy (>=0.6.0)"]
secure = ["certifi", "cryptography (>=1.3.4)", "idna (>=2.0.0)", "pyOpenSSL (>=0.14)", "ipaddress"]
socks = ["PySocks (>=1.5.6,!=1.5.7,<2.0)"]

[[package]]
name = "werkzeug"
version = "1.0.1"
description = "The comprehensive WSGI web application library."
category = "main"
optional = false
python-versions = ">=2.7, !=3.0.*, !=3.1.*, !=3.2.*, !=3.3.*, !=3.4.*"

[package.extras]
dev = ["pytest", "pytest-timeout", "coverage", "tox", "sphinx", "pallets-sphinx-themes", "sphinx-issues"]
watchdog = ["watchdog"]

[[package]]
name = "zipp"
version = "1.2.0"
description = "Backport of pathlib-compatible object wrapper for zip files"
category = "dev"
optional = false
python-versions = ">=2.7"

[package.extras]
docs = ["sphinx", "jaraco.packaging (>=3.2)", "rst.linker (>=1.9)"]
testing = ["pathlib2", "unittest2", "jaraco.itertools", "func-timeout"]

[metadata]
lock-version = "1.1"
python-versions = "^3.5"
content-hash = "1a0b326c8f428c3821bac9e554671cfb78783264222c81649c5c89d3cd78f475"

[metadata.files]
atomicwrites = [
    {file = "atomicwrites-1.4.0-py2.py3-none-any.whl", hash = "sha256:6d1784dea7c0c8d4a5172b6c620f40b6e4cbfdf96d783691f2e1302a7b88e197"},
    {file = "atomicwrites-1.4.0.tar.gz", hash = "sha256:ae70396ad1a434f9c7046fd2dd196fc04b12f9e91ffb859164193be8b6168a7a"},
]
attrs = [
    {file = "attrs-19.3.0-py2.py3-none-any.whl", hash = "sha256:08a96c641c3a74e44eb59afb61a24f2cb9f4d7188748e76ba4bb5edfa3cb7d1c"},
    {file = "attrs-19.3.0.tar.gz", hash = "sha256:f7b7ce16570fe9965acd6d30101a28f62fb4a7f9e926b3bbc9b61f8b04247e72"},
]
certifi = [
    {file = "certifi-2020.4.5.1-py2.py3-none-any.whl", hash = "sha256:1d987a998c75633c40847cc966fcf5904906c920a7f17ef374f5aa4282abd304"},
    {file = "certifi-2020.4.5.1.tar.gz", hash = "sha256:51fcb31174be6e6664c5f69e3e1691a2d72a1a12e90f872cbdb1567eb47b6519"},
]
click = [
    {file = "click-7.1.2-py2.py3-none-any.whl", hash = "sha256:dacca89f4bfadd5de3d7489b7c8a566eee0d3676333fbb50030263894c38c0dc"},
    {file = "click-7.1.2.tar.gz", hash = "sha256:d2b5255c7c6349bc1bd1e59e08cd12acbbd63ce649f2588755783aa94dfb6b1a"},
]
colorama = [
    {file = "colorama-0.4.3-py2.py3-none-any.whl", hash = "sha256:7d73d2a99753107a36ac6b455ee49046802e59d9d076ef8e47b61499fa29afff"},
    {file = "colorama-0.4.3.tar.gz", hash = "sha256:e96da0d330793e2cb9485e9ddfd918d456036c7149416295932478192f4436a1"},
]
coverage = [
    {file = "coverage-5.3.1-cp27-cp27m-macosx_10_9_x86_64.whl", hash = "sha256:fabeeb121735d47d8eab8671b6b031ce08514c86b7ad8f7d5490a7b6dcd6267d"},
    {file = "coverage-5.3.1-cp27-cp27m-manylinux1_i686.whl", hash = "sha256:7e4d159021c2029b958b2363abec4a11db0ce8cd43abb0d9ce44284cb97217e7"},
    {file = "coverage-5.3.1-cp27-cp27m-manylinux1_x86_64.whl", hash = "sha256:378ac77af41350a8c6b8801a66021b52da8a05fd77e578b7380e876c0ce4f528"},
    {file = "coverage-5.3.1-cp27-cp27m-manylinux2010_i686.whl", hash = "sha256:e448f56cfeae7b1b3b5bcd99bb377cde7c4eb1970a525c770720a352bc4c8044"},
    {file = "coverage-5.3.1-cp27-cp27m-manylinux2010_x86_64.whl", hash = "sha256:cc44e3545d908ecf3e5773266c487ad1877be718d9dc65fc7eb6e7d14960985b"},
    {file = "coverage-5.3.1-cp27-cp27m-win32.whl", hash = "sha256:08b3ba72bd981531fd557f67beee376d6700fba183b167857038997ba30dd297"},
    {file = "coverage-5.3.1-cp27-cp27m-win_amd64.whl", hash = "sha256:8dacc4073c359f40fcf73aede8428c35f84639baad7e1b46fce5ab7a8a7be4bb"},
    {file = "coverage-5.3.1-cp27-cp27mu-manylinux1_i686.whl", hash = "sha256:ee2f1d1c223c3d2c24e3afbb2dd38be3f03b1a8d6a83ee3d9eb8c36a52bee899"},
    {file = "coverage-5.3.1-cp27-cp27mu-manylinux1_x86_64.whl", hash = "sha256:9a9d4ff06804920388aab69c5ea8a77525cf165356db70131616acd269e19b36"},
    {file = "coverage-5.3.1-cp27-cp27mu-manylinux2010_i686.whl", hash = "sha256:782a5c7df9f91979a7a21792e09b34a658058896628217ae6362088b123c8500"},
    {file = "coverage-5.3.1-cp27-cp27mu-manylinux2010_x86_64.whl", hash = "sha256:fda29412a66099af6d6de0baa6bd7c52674de177ec2ad2630ca264142d69c6c7"},
    {file = "coverage-5.3.1-cp35-cp35m-macosx_10_9_x86_64.whl", hash = "sha256:f2c6888eada180814b8583c3e793f3f343a692fc802546eed45f40a001b1169f"},
    {file = "coverage-5.3.1-cp35-cp35m-manylinux1_i686.whl", hash = "sha256:8f33d1156241c43755137288dea619105477961cfa7e47f48dbf96bc2c30720b"},
    {file = "coverage-5.3.1-cp35-cp35m-manylinux1_x86_64.whl", hash = "sha256:b239711e774c8eb910e9b1ac719f02f5ae4bf35fa0420f438cdc3a7e4e7dd6ec"},
    {file = "coverage-5.3.1-cp35-cp35m-manylinux2010_i686.whl", hash = "sha256:f54de00baf200b4539a5a092a759f000b5f45fd226d6d25a76b0dff71177a714"},
    {file = "coverage-5.3.1-cp35-cp35m-manylinux2010_x86_64.whl", hash = "sha256:be0416074d7f253865bb67630cf7210cbc14eb05f4099cc0f82430135aaa7a3b"},
    {file = "coverage-5.3.1-cp35-cp35m-win32.whl", hash = "sha256:c46643970dff9f5c976c6512fd35768c4a3819f01f61169d8cdac3f9290903b7"},
    {file = "coverage-5.3.1-cp35-cp35m-win_amd64.whl", hash = "sha256:9a4f66259bdd6964d8cf26142733c81fb562252db74ea367d9beb4f815478e72"},
    {file = "coverage-5.3.1-cp36-cp36m-macosx_10_9_x86_64.whl", hash = "sha256:c6e5174f8ca585755988bc278c8bb5d02d9dc2e971591ef4a1baabdf2d99589b"},
    {file = "coverage-5.3.1-cp36-cp36m-manylinux1_i686.whl", hash = "sha256:3911c2ef96e5ddc748a3c8b4702c61986628bb719b8378bf1e4a6184bbd48fe4"},
    {file = "coverage-5.3.1-cp36-cp36m-manylinux1_x86_64.whl", hash = "sha256:c5ec71fd4a43b6d84ddb88c1df94572479d9a26ef3f150cef3dacefecf888105"},
    {file = "coverage-5.3.1-cp36-cp36m-manylinux2010_i686.whl", hash = "sha256:f51dbba78d68a44e99d484ca8c8f604f17e957c1ca09c3ebc2c7e3bbd9ba0448"},
    {file = "coverage-5.3.1-cp36-cp36m-manylinux2010_x86_64.whl", hash = "sha256:a2070c5affdb3a5e751f24208c5c4f3d5f008fa04d28731416e023c93b275277"},
    {file = "coverage-5.3.1-cp36-cp36m-win32.whl", hash = "sha256:535dc1e6e68fad5355f9984d5637c33badbdc987b0c0d303ee95a6c979c9516f"},
    {file = "coverage-5.3.1-cp36-cp36m-win_amd64.whl", hash = "sha256:a4857f7e2bc6921dbd487c5c88b84f5633de3e7d416c4dc0bb70256775551a6c"},
    {file = "coverage-5.3.1-cp37-cp37m-macosx_10_9_x86_64.whl", hash = "sha256:fac3c432851038b3e6afe086f777732bcf7f6ebbfd90951fa04ee53db6d0bcdd"},
    {file = "coverage-5.3.1-cp37-cp37m-manylinux1_i686.whl", hash = "sha256:cd556c79ad665faeae28020a0ab3bda6cd47d94bec48e36970719b0b86e4dcf4"},
    {file = "coverage-5.3.1-cp37-cp37m-manylinux1_x86_64.whl", hash = "sha256:a66ca3bdf21c653e47f726ca57f46ba7fc1f260ad99ba783acc3e58e3ebdb9ff"},
    {file = "coverage-5.3.1-cp37-cp37m-manylinux2010_i686.whl", hash = "sha256:ab110c48bc3d97b4d19af41865e14531f300b482da21783fdaacd159251890e8"},
    {file = "coverage-5.3.1-cp37-cp37m-manylinux2010_x86_64.whl", hash = "sha256:e52d3d95df81c8f6b2a1685aabffadf2d2d9ad97203a40f8d61e51b70f191e4e"},
    {file = "coverage-5.3.1-cp37-cp37m-win32.whl", hash = "sha256:fa10fee7e32213f5c7b0d6428ea92e3a3fdd6d725590238a3f92c0de1c78b9d2"},
    {file = "coverage-5.3.1-cp37-cp37m-win_amd64.whl", hash = "sha256:ce6f3a147b4b1a8b09aae48517ae91139b1b010c5f36423fa2b866a8b23df879"},
    {file = "coverage-5.3.1-cp38-cp38-macosx_10_9_x86_64.whl", hash = "sha256:93a280c9eb736a0dcca19296f3c30c720cb41a71b1f9e617f341f0a8e791a69b"},
    {file = "coverage-5.3.1-cp38-cp38-manylinux1_i686.whl", hash = "sha256:3102bb2c206700a7d28181dbe04d66b30780cde1d1c02c5f3c165cf3d2489497"},
    {file = "coverage-5.3.1-cp38-cp38-manylinux1_x86_64.whl", hash = "sha256:8ffd4b204d7de77b5dd558cdff986a8274796a1e57813ed005b33fd97e29f059"},
    {file = "coverage-5.3.1-cp38-cp38-manylinux2010_i686.whl", hash = "sha256:a607ae05b6c96057ba86c811d9c43423f35e03874ffb03fbdcd45e0637e8b631"},
    {file = "coverage-5.3.1-cp38-cp38-manylinux2010_x86_64.whl", hash = "sha256:3a3c3f8863255f3c31db3889f8055989527173ef6192a283eb6f4db3c579d830"},
    {file = "coverage-5.3.1-cp38-cp38-win32.whl", hash = "sha256:ff1330e8bc996570221b450e2d539134baa9465f5cb98aff0e0f73f34172e0ae"},
    {file = "coverage-5.3.1-cp38-cp38-win_amd64.whl", hash = "sha256:3498b27d8236057def41de3585f317abae235dd3a11d33e01736ffedb2ef8606"},
    {file = "coverage-5.3.1-cp39-cp39-macosx_10_9_x86_64.whl", hash = "sha256:ceb499d2b3d1d7b7ba23abe8bf26df5f06ba8c71127f188333dddcf356b4b63f"},
    {file = "coverage-5.3.1-cp39-cp39-manylinux1_i686.whl", hash = "sha256:3b14b1da110ea50c8bcbadc3b82c3933974dbeea1832e814aab93ca1163cd4c1"},
    {file = "coverage-5.3.1-cp39-cp39-manylinux1_x86_64.whl", hash = "sha256:76b2775dda7e78680d688daabcb485dc87cf5e3184a0b3e012e1d40e38527cc8"},
    {file = "coverage-5.3.1-cp39-cp39-manylinux2010_i686.whl", hash = "sha256:cef06fb382557f66d81d804230c11ab292d94b840b3cb7bf4450778377b592f4"},
    {file = "coverage-5.3.1-cp39-cp39-manylinux2010_x86_64.whl", hash = "sha256:6f61319e33222591f885c598e3e24f6a4be3533c1d70c19e0dc59e83a71ce27d"},
    {file = "coverage-5.3.1-cp39-cp39-win32.whl", hash = "sha256:cc6f8246e74dd210d7e2b56c76ceaba1cc52b025cd75dbe96eb48791e0250e98"},
    {file = "coverage-5.3.1-cp39-cp39-win_amd64.whl", hash = "sha256:2757fa64e11ec12220968f65d086b7a29b6583d16e9a544c889b22ba98555ef1"},
    {file = "coverage-5.3.1-pp36-none-any.whl", hash = "sha256:723d22d324e7997a651478e9c5a3120a0ecbc9a7e94071f7e1954562a8806cf3"},
    {file = "coverage-5.3.1-pp37-none-any.whl", hash = "sha256:c89b558f8a9a5a6f2cfc923c304d49f0ce629c3bd85cb442ca258ec20366394c"},
    {file = "coverage-5.3.1.tar.gz", hash = "sha256:38f16b1317b8dd82df67ed5daa5f5e7c959e46579840d77a67a4ceb9cef0a50b"},
]
flake8 = [
    {file = "flake8-3.8.4-py2.py3-none-any.whl", hash = "sha256:749dbbd6bfd0cf1318af27bf97a14e28e5ff548ef8e5b1566ccfb25a11e7c839"},
    {file = "flake8-3.8.4.tar.gz", hash = "sha256:aadae8761ec651813c24be05c6f7b4680857ef6afaae4651a4eccaef97ce6c3b"},
]
flake8-blind-except = [
    {file = "flake8-blind-except-0.1.1.tar.gz", hash = "sha256:aca3356633825544cec51997260fe31a8f24a1a2795ce8e81696b9916745e599"},
    {file = "flake8_blind_except-0.1.1-py2.7.egg", hash = "sha256:0d7d1adb4cabf2268d6eebb815a7a5014bcb7e8419f7a74339c46d0b8847b858"},
]
flake8-builtins = [
    {file = "flake8-builtins-1.5.3.tar.gz", hash = "sha256:09998853b2405e98e61d2ff3027c47033adbdc17f9fe44ca58443d876eb00f3b"},
    {file = "flake8_builtins-1.5.3-py2.py3-none-any.whl", hash = "sha256:7706babee43879320376861897e5d1468e396a40b8918ed7bccf70e5f90b8687"},
]
flake8-isort = [
    {file = "flake8-isort-4.0.0.tar.gz", hash = "sha256:2b91300f4f1926b396c2c90185844eb1a3d5ec39ea6138832d119da0a208f4d9"},
    {file = "flake8_isort-4.0.0-py2.py3-none-any.whl", hash = "sha256:729cd6ef9ba3659512dee337687c05d79c78e1215fdf921ed67e5fe46cce2f3c"},
]
flask = [
    {file = "Flask-1.1.2-py2.py3-none-any.whl", hash = "sha256:8a4fdd8936eba2512e9c85df320a37e694c93945b33ef33c89946a340a238557"},
    {file = "Flask-1.1.2.tar.gz", hash = "sha256:4efa1ae2d7c9865af48986de8aeb8504bf32c7f3d6fdc9353d34b21f4b127060"},
]
flask-caching = [
    {file = "Flask-Caching-1.9.0.tar.gz", hash = "sha256:a0356ad868b1d8ec2d0e675a6fe891c41303128f8904d5d79e180d8b3f952aff"},
    {file = "Flask_Caching-1.9.0-py2.py3-none-any.whl", hash = "sha256:e6ef2e2af84e13c4fd32c1839c1943a42f11b6b0fbcfdd6bf46547ea5482dbfe"},
]
flask-cors = [
    {file = "Flask-Cors-3.0.10.tar.gz", hash = "sha256:b60839393f3b84a0f3746f6cdca56c1ad7426aa738b70d6c61375857823181de"},
    {file = "Flask_Cors-3.0.10-py2.py3-none-any.whl", hash = "sha256:74efc975af1194fc7891ff5cd85b0f7478be4f7f59fe158102e91abb72bb4438"},
]
flask-seasurf = [
    {file = "Flask-SeaSurf-0.2.2.tar.gz", hash = "sha256:c57918c17e9afd988bdc30d8dcb7bfb833741dee38b06c1bbd17821d6fa2b6cf"},
]
flask-talisman = [
    {file = "flask-talisman-0.7.0.tar.gz", hash = "sha256:468131464a249274ed226efc21b372518f442487e58918ccab8357eaa638fd1f"},
    {file = "flask_talisman-0.7.0-py2.py3-none-any.whl", hash = "sha256:eaa754f4b771dfbe473843391d69643b79e3a38c865790011ac5e4179c68e3ec"},
]
greenlet = [
    {file = "greenlet-0.4.15-cp27-cp27m-manylinux1_x86_64.whl", hash = "sha256:99a26afdb82ea83a265137a398f570402aa1f2b5dfb4ac3300c026931817b163"},
    {file = "greenlet-0.4.15-cp27-cp27m-win32.whl", hash = "sha256:beeabe25c3b704f7d56b573f7d2ff88fc99f0138e43480cecdfcaa3b87fe4f87"},
    {file = "greenlet-0.4.15-cp27-cp27m-win_amd64.whl", hash = "sha256:9854f612e1b59ec66804931df5add3b2d5ef0067748ea29dc60f0efdcda9a638"},
    {file = "greenlet-0.4.15-cp27-cp27mu-manylinux1_x86_64.whl", hash = "sha256:ac57fcdcfb0b73bb3203b58a14501abb7e5ff9ea5e2edfa06bb03035f0cff248"},
    {file = "greenlet-0.4.15-cp33-cp33m-win32.whl", hash = "sha256:d634a7ea1fc3380ff96f9e44d8d22f38418c1c381d5fac680b272d7d90883720"},
    {file = "greenlet-0.4.15-cp33-cp33m-win_amd64.whl", hash = "sha256:0d48200bc50cbf498716712129eef819b1729339e34c3ae71656964dac907c28"},
    {file = "greenlet-0.4.15-cp34-cp34m-manylinux1_x86_64.whl", hash = "sha256:bcb530089ff24f6458a81ac3fa699e8c00194208a724b644ecc68422e1111939"},
    {file = "greenlet-0.4.15-cp34-cp34m-win32.whl", hash = "sha256:8b4572c334593d449113f9dc8d19b93b7b271bdbe90ba7509eb178923327b625"},
    {file = "greenlet-0.4.15-cp34-cp34m-win_amd64.whl", hash = "sha256:a9f145660588187ff835c55a7d2ddf6abfc570c2651c276d3d4be8a2766db490"},
    {file = "greenlet-0.4.15-cp35-cp35m-manylinux1_x86_64.whl", hash = "sha256:51503524dd6f152ab4ad1fbd168fc6c30b5795e8c70be4410a64940b3abb55c0"},
    {file = "greenlet-0.4.15-cp35-cp35m-win32.whl", hash = "sha256:a19bf883b3384957e4a4a13e6bd1ae3d85ae87f4beb5957e35b0be287f12f4e4"},
    {file = "greenlet-0.4.15-cp35-cp35m-win_amd64.whl", hash = "sha256:853da4f9563d982e4121fed8c92eea1a4594a2299037b3034c3c898cb8e933d6"},
    {file = "greenlet-0.4.15-cp36-cp36m-manylinux1_x86_64.whl", hash = "sha256:23d12eacffa9d0f290c0fe0c4e81ba6d5f3a5b7ac3c30a5eaf0126bf4deda5c8"},
    {file = "greenlet-0.4.15-cp36-cp36m-win32.whl", hash = "sha256:000546ad01e6389e98626c1367be58efa613fa82a1be98b0c6fc24b563acc6d0"},
    {file = "greenlet-0.4.15-cp36-cp36m-win_amd64.whl", hash = "sha256:d97b0661e1aead761f0ded3b769044bb00ed5d33e1ec865e891a8b128bf7c656"},
    {file = "greenlet-0.4.15-cp37-cp37m-manylinux1_x86_64.whl", hash = "sha256:8041e2de00e745c0e05a502d6e6db310db7faa7c979b3a5877123548a4c0b214"},
    {file = "greenlet-0.4.15-cp37-cp37m-win32.whl", hash = "sha256:81fcd96a275209ef117e9ec91f75c731fa18dcfd9ffaa1c0adbdaa3616a86043"},
    {file = "greenlet-0.4.15-cp37-cp37m-win_amd64.whl", hash = "sha256:37c9ba82bd82eb6a23c2e5acc03055c0e45697253b2393c9a50cef76a3985304"},
    {file = "greenlet-0.4.15-cp38-cp38-manylinux1_x86_64.whl", hash = "sha256:e538b8dae561080b542b0f5af64d47ef859f22517f7eca617bb314e0e03fd7ef"},
    {file = "greenlet-0.4.15-cp38-cp38-win32.whl", hash = "sha256:51155342eb4d6058a0ffcd98a798fe6ba21195517da97e15fca3db12ab201e6e"},
    {file = "greenlet-0.4.15-cp38-cp38-win_amd64.whl", hash = "sha256:7457d685158522df483196b16ec648b28f8e847861adb01a55d41134e7734122"},
    {file = "greenlet-0.4.15.tar.gz", hash = "sha256:9416443e219356e3c31f1f918a91badf2e37acf297e2fa13d24d1cc2380f8fbc"},
]
gunicorn = [
    {file = "gunicorn-20.0.4-py2.py3-none-any.whl", hash = "sha256:cd4a810dd51bf497552cf3f863b575dabd73d6ad6a91075b65936b151cbf4f9c"},
    {file = "gunicorn-20.0.4.tar.gz", hash = "sha256:1904bb2b8a43658807108d59c3f3d56c2b6121a701161de0ddf9ad140073c626"},
]
importlib-metadata = [
    {file = "importlib_metadata-1.6.0-py2.py3-none-any.whl", hash = "sha256:2a688cbaa90e0cc587f1df48bdc97a6eadccdcd9c35fb3f976a09e3b5016d90f"},
    {file = "importlib_metadata-1.6.0.tar.gz", hash = "sha256:34513a8a0c4962bc66d35b359558fd8a5e10cd472d37aec5f66858addef32c1e"},
]
iniconfig = [
    {file = "iniconfig-1.0.1-py3-none-any.whl", hash = "sha256:80cf40c597eb564e86346103f609d74efce0f6b4d4f30ec8ce9e2c26411ba437"},
    {file = "iniconfig-1.0.1.tar.gz", hash = "sha256:e5f92f89355a67de0595932a6c6c02ab4afddc6fcdc0bfc5becd0d60884d3f69"},
]
isort = [
    {file = "isort-4.3.21-py2.py3-none-any.whl", hash = "sha256:6e811fcb295968434526407adb8796944f1988c5b65e8139058f2014cbe100fd"},
    {file = "isort-4.3.21.tar.gz", hash = "sha256:54da7e92468955c4fceacd0c86bd0ec997b0e1ee80d97f67c35a78b719dccab1"},
]
itsdangerous = [
    {file = "itsdangerous-1.1.0-py2.py3-none-any.whl", hash = "sha256:b12271b2047cb23eeb98c8b5622e2e5c5e9abd9784a153e9d8ef9cb4dd09d749"},
    {file = "itsdangerous-1.1.0.tar.gz", hash = "sha256:321b033d07f2a4136d3ec762eac9f16a10ccd60f53c0c91af90217ace7ba1f19"},
]
jinja2 = [
    {file = "Jinja2-2.11.2-py2.py3-none-any.whl", hash = "sha256:f0a4641d3cf955324a89c04f3d94663aa4d638abe8f733ecd3582848e1c37035"},
    {file = "Jinja2-2.11.2.tar.gz", hash = "sha256:89aab215427ef59c34ad58735269eb58b1a5808103067f7bb9d5836c651b3bb0"},
]
markupsafe = [
    {file = "MarkupSafe-1.1.1-cp27-cp27m-macosx_10_6_intel.whl", hash = "sha256:09027a7803a62ca78792ad89403b1b7a73a01c8cb65909cd876f7fcebd79b161"},
    {file = "MarkupSafe-1.1.1-cp27-cp27m-manylinux1_i686.whl", hash = "sha256:e249096428b3ae81b08327a63a485ad0878de3fb939049038579ac0ef61e17e7"},
    {file = "MarkupSafe-1.1.1-cp27-cp27m-manylinux1_x86_64.whl", hash = "sha256:500d4957e52ddc3351cabf489e79c91c17f6e0899158447047588650b5e69183"},
    {file = "MarkupSafe-1.1.1-cp27-cp27m-win32.whl", hash = "sha256:b2051432115498d3562c084a49bba65d97cf251f5a331c64a12ee7e04dacc51b"},
    {file = "MarkupSafe-1.1.1-cp27-cp27m-win_amd64.whl", hash = "sha256:98c7086708b163d425c67c7a91bad6e466bb99d797aa64f965e9d25c12111a5e"},
    {file = "MarkupSafe-1.1.1-cp27-cp27mu-manylinux1_i686.whl", hash = "sha256:cd5df75523866410809ca100dc9681e301e3c27567cf498077e8551b6d20e42f"},
    {file = "MarkupSafe-1.1.1-cp27-cp27mu-manylinux1_x86_64.whl", hash = "sha256:43a55c2930bbc139570ac2452adf3d70cdbb3cfe5912c71cdce1c2c6bbd9c5d1"},
    {file = "MarkupSafe-1.1.1-cp34-cp34m-macosx_10_6_intel.whl", hash = "sha256:1027c282dad077d0bae18be6794e6b6b8c91d58ed8a8d89a89d59693b9131db5"},
    {file = "MarkupSafe-1.1.1-cp34-cp34m-manylinux1_i686.whl", hash = "sha256:62fe6c95e3ec8a7fad637b7f3d372c15ec1caa01ab47926cfdf7a75b40e0eac1"},
    {file = "MarkupSafe-1.1.1-cp34-cp34m-manylinux1_x86_64.whl", hash = "sha256:88e5fcfb52ee7b911e8bb6d6aa2fd21fbecc674eadd44118a9cc3863f938e735"},
    {file = "MarkupSafe-1.1.1-cp34-cp34m-win32.whl", hash = "sha256:ade5e387d2ad0d7ebf59146cc00c8044acbd863725f887353a10df825fc8ae21"},
    {file = "MarkupSafe-1.1.1-cp34-cp34m-win_amd64.whl", hash = "sha256:09c4b7f37d6c648cb13f9230d847adf22f8171b1ccc4d5682398e77f40309235"},
    {file = "MarkupSafe-1.1.1-cp35-cp35m-macosx_10_6_intel.whl", hash = "sha256:79855e1c5b8da654cf486b830bd42c06e8780cea587384cf6545b7d9ac013a0b"},
    {file = "MarkupSafe-1.1.1-cp35-cp35m-manylinux1_i686.whl", hash = "sha256:c8716a48d94b06bb3b2524c2b77e055fb313aeb4ea620c8dd03a105574ba704f"},
    {file = "MarkupSafe-1.1.1-cp35-cp35m-manylinux1_x86_64.whl", hash = "sha256:7c1699dfe0cf8ff607dbdcc1e9b9af1755371f92a68f706051cc8c37d447c905"},
    {file = "MarkupSafe-1.1.1-cp35-cp35m-win32.whl", hash = "sha256:6dd73240d2af64df90aa7c4e7481e23825ea70af4b4922f8ede5b9e35f78a3b1"},
    {file = "MarkupSafe-1.1.1-cp35-cp35m-win_amd64.whl", hash = "sha256:9add70b36c5666a2ed02b43b335fe19002ee5235efd4b8a89bfcf9005bebac0d"},
    {file = "MarkupSafe-1.1.1-cp36-cp36m-macosx_10_6_intel.whl", hash = "sha256:24982cc2533820871eba85ba648cd53d8623687ff11cbb805be4ff7b4c971aff"},
    {file = "MarkupSafe-1.1.1-cp36-cp36m-manylinux1_i686.whl", hash = "sha256:00bc623926325b26bb9605ae9eae8a215691f33cae5df11ca5424f06f2d1f473"},
    {file = "MarkupSafe-1.1.1-cp36-cp36m-manylinux1_x86_64.whl", hash = "sha256:717ba8fe3ae9cc0006d7c451f0bb265ee07739daf76355d06366154ee68d221e"},
    {file = "MarkupSafe-1.1.1-cp36-cp36m-win32.whl", hash = "sha256:535f6fc4d397c1563d08b88e485c3496cf5784e927af890fb3c3aac7f933ec66"},
    {file = "MarkupSafe-1.1.1-cp36-cp36m-win_amd64.whl", hash = "sha256:b1282f8c00509d99fef04d8ba936b156d419be841854fe901d8ae224c59f0be5"},
    {file = "MarkupSafe-1.1.1-cp37-cp37m-macosx_10_6_intel.whl", hash = "sha256:8defac2f2ccd6805ebf65f5eeb132adcf2ab57aa11fdf4c0dd5169a004710e7d"},
    {file = "MarkupSafe-1.1.1-cp37-cp37m-manylinux1_i686.whl", hash = "sha256:46c99d2de99945ec5cb54f23c8cd5689f6d7177305ebff350a58ce5f8de1669e"},
    {file = "MarkupSafe-1.1.1-cp37-cp37m-manylinux1_x86_64.whl", hash = "sha256:ba59edeaa2fc6114428f1637ffff42da1e311e29382d81b339c1817d37ec93c6"},
    {file = "MarkupSafe-1.1.1-cp37-cp37m-win32.whl", hash = "sha256:b00c1de48212e4cc9603895652c5c410df699856a2853135b3967591e4beebc2"},
    {file = "MarkupSafe-1.1.1-cp37-cp37m-win_amd64.whl", hash = "sha256:9bf40443012702a1d2070043cb6291650a0841ece432556f784f004937f0f32c"},
    {file = "MarkupSafe-1.1.1-cp38-cp38-macosx_10_9_x86_64.whl", hash = "sha256:6788b695d50a51edb699cb55e35487e430fa21f1ed838122d722e0ff0ac5ba15"},
    {file = "MarkupSafe-1.1.1-cp38-cp38-manylinux1_i686.whl", hash = "sha256:cdb132fc825c38e1aeec2c8aa9338310d29d337bebbd7baa06889d09a60a1fa2"},
    {file = "MarkupSafe-1.1.1-cp38-cp38-manylinux1_x86_64.whl", hash = "sha256:13d3144e1e340870b25e7b10b98d779608c02016d5184cfb9927a9f10c689f42"},
    {file = "MarkupSafe-1.1.1-cp38-cp38-win32.whl", hash = "sha256:596510de112c685489095da617b5bcbbac7dd6384aeebeda4df6025d0256a81b"},
    {file = "MarkupSafe-1.1.1-cp38-cp38-win_amd64.whl", hash = "sha256:e8313f01ba26fbbe36c7be1966a7b7424942f670f38e666995b88d012765b9be"},
    {file = "MarkupSafe-1.1.1.tar.gz", hash = "sha256:29872e92839765e546828bb7754a68c418d927cd064fd4708fab9fe9c8bb116b"},
]
mccabe = [
    {file = "mccabe-0.6.1-py2.py3-none-any.whl", hash = "sha256:ab8a6258860da4b6677da4bd2fe5dc2c659cff31b3ee4f7f5d64e79735b80d42"},
    {file = "mccabe-0.6.1.tar.gz", hash = "sha256:dd8d182285a0fe56bace7f45b5e7d1a6ebcbf524e8f3bd87eb0f125271b8831f"},
]
meinheld = [
    {file = "meinheld-1.0.2.tar.gz", hash = "sha256:008c76937ac2117cc69e032dc69cea9f85fc605de9bac1417f447c41c16a56d6"},
]
packaging = [
    {file = "packaging-20.4-py2.py3-none-any.whl", hash = "sha256:998416ba6962ae7fbd6596850b80e17859a5753ba17c32284f67bfff33784181"},
    {file = "packaging-20.4.tar.gz", hash = "sha256:4357f74f47b9c12db93624a82154e9b120fa8293699949152b22065d556079f8"},
]
pathlib2 = [
    {file = "pathlib2-2.3.5-py2.py3-none-any.whl", hash = "sha256:0ec8205a157c80d7acc301c0b18fbd5d44fe655968f5d947b6ecef5290fc35db"},
    {file = "pathlib2-2.3.5.tar.gz", hash = "sha256:6cd9a47b597b37cc57de1c05e56fb1a1c9cc9fab04fe78c29acd090418529868"},
]
pluggy = [
    {file = "pluggy-0.13.1-py2.py3-none-any.whl", hash = "sha256:966c145cd83c96502c3c3868f50408687b38434af77734af1e9ca461a4081d2d"},
    {file = "pluggy-0.13.1.tar.gz", hash = "sha256:15b2acde666561e1298d71b523007ed7364de07029219b604cf808bfa1c765b0"},
]
py = [
    {file = "py-1.9.0-py2.py3-none-any.whl", hash = "sha256:366389d1db726cd2fcfc79732e75410e5fe4d31db13692115529d34069a043c2"},
    {file = "py-1.9.0.tar.gz", hash = "sha256:9ca6883ce56b4e8da7e79ac18787889fa5206c79dcc67fb065376cd2fe03f342"},
]
pycodestyle = [
    {file = "pycodestyle-2.6.0-py2.py3-none-any.whl", hash = "sha256:2295e7b2f6b5bd100585ebcb1f616591b652db8a741695b3d8f5d28bdc934367"},
    {file = "pycodestyle-2.6.0.tar.gz", hash = "sha256:c58a7d2815e0e8d7972bf1803331fb0152f867bd89adf8a01dfd55085434192e"},
]
pyflakes = [
    {file = "pyflakes-2.2.0-py2.py3-none-any.whl", hash = "sha256:0d94e0e05a19e57a99444b6ddcf9a6eb2e5c68d3ca1e98e90707af8152c90a92"},
    {file = "pyflakes-2.2.0.tar.gz", hash = "sha256:35b2d75ee967ea93b55750aa9edbbf72813e06a66ba54438df2cfac9e3c27fc8"},
]
pyparsing = [
    {file = "pyparsing-2.4.7-py2.py3-none-any.whl", hash = "sha256:ef9d7589ef3c200abe66653d3f1ab1033c3c419ae9b9bdb1240a85b024efc88b"},
    {file = "pyparsing-2.4.7.tar.gz", hash = "sha256:c203ec8783bf771a155b207279b9bccb8dea02d8f0c9e5f8ead507bc3246ecc1"},
]
pytest = [
    {file = "pytest-6.1.2-py3-none-any.whl", hash = "sha256:4288fed0d9153d9646bfcdf0c0428197dba1ecb27a33bb6e031d002fa88653fe"},
    {file = "pytest-6.1.2.tar.gz", hash = "sha256:c0a7e94a8cdbc5422a51ccdad8e6f1024795939cc89159a0ae7f0b316ad3823e"},
]
python-dateutil = [
    {file = "python-dateutil-2.8.1.tar.gz", hash = "sha256:73ebfe9dbf22e832286dafa60473e4cd239f8592f699aa5adaf10050e6e1823c"},
    {file = "python_dateutil-2.8.1-py2.py3-none-any.whl", hash = "sha256:75bb3f31ea686f1197762692a9ee6a7550b59fc6ca3a1f4b5d7e32fb98e2da2a"},
]
redis = [
    {file = "redis-3.5.3-py2.py3-none-any.whl", hash = "sha256:432b788c4530cfe16d8d943a09d40ca6c16149727e4afe8c2c9d5580c59d9f24"},
    {file = "redis-3.5.3.tar.gz", hash = "sha256:0e7e0cfca8660dea8b7d5cd8c4f6c5e29e11f31158c0b0ae91a397f00e5a05a2"},
]
sentry-sdk = [
    {file = "sentry-sdk-0.19.5.tar.gz", hash = "sha256:737a094e49a529dd0fdcaafa9e97cf7c3d5eb964bd229821d640bc77f3502b3f"},
    {file = "sentry_sdk-0.19.5-py2.py3-none-any.whl", hash = "sha256:0a711ec952441c2ec89b8f5d226c33bc697914f46e876b44a4edd3e7864cf4d0"},
]
simpleflake = [
    {file = "simpleflake-0.1.5.tar.gz", hash = "sha256:6f0c1a092c44900902fea6d4347317cda8ebdfaa636a2ec71be9395c4880a3b2"},
]
six = [
    {file = "six-1.15.0-py2.py3-none-any.whl", hash = "sha256:8b74bedcbbbaca38ff6d7491d76f2b06b3592611af620f8426e82dddb04a5ced"},
    {file = "six-1.15.0.tar.gz", hash = "sha256:30639c035cdb23534cd4aa2dd52c3bf48f06e5f4a941509c8bafd8ce11080259"},
]
testfixtures = [
    {file = "testfixtures-6.14.1-py2.py3-none-any.whl", hash = "sha256:30566e24a1b34e4d3f8c13abf62557d01eeb4480bcb8f1745467bfb0d415a7d9"},
    {file = "testfixtures-6.14.1.tar.gz", hash = "sha256:58d2b3146d93bc5ddb0cd24e0ccacb13e29bdb61e5c81235c58f7b8ee4470366"},
]
toml = [
    {file = "toml-0.10.1-py2.py3-none-any.whl", hash = "sha256:bda89d5935c2eac546d648028b9901107a595863cb36bae0c73ac804a9b4ce88"},
    {file = "toml-0.10.1.tar.gz", hash = "sha256:926b612be1e5ce0634a2ca03470f95169cf16f939018233a670519cb4ac58b0f"},
]
urllib3 = [
    {file = "urllib3-1.25.9-py2.py3-none-any.whl", hash = "sha256:88206b0eb87e6d677d424843ac5209e3fb9d0190d0ee169599165ec25e9d9115"},
    {file = "urllib3-1.25.9.tar.gz", hash = "sha256:3018294ebefce6572a474f0604c2021e33b3fd8006ecd11d62107a5d2a963527"},
]
werkzeug = [
    {file = "Werkzeug-1.0.1-py2.py3-none-any.whl", hash = "sha256:2de2a5db0baeae7b2d2664949077c2ac63fbd16d98da0ff71837f7d1dea3fd43"},
    {file = "Werkzeug-1.0.1.tar.gz", hash = "sha256:6c80b1e5ad3665290ea39320b91e1be1e0d5f60652b964a3070216de83d2e47c"},
]
zipp = [
    {file = "zipp-1.2.0-py2.py3-none-any.whl", hash = "sha256:e0d9e63797e483a30d27e09fffd308c59a700d365ec34e93cc100844168bf921"},
    {file = "zipp-1.2.0.tar.gz", hash = "sha256:c70410551488251b0fee67b460fb9a536af8d6f9f008ad10ac51f615b6a521b1"},
]
